Microsoft Visual Studio Solution File, Format Version 12.00
# Visual Studio 15
VisualStudioVersion = 15.0.27004.2002
MinimumVisualStudioVersion = 10.0.40219.1
Project("{2150E333-8FDC-42A3-9474-1A3956D46DE8}") = "Solution Items", "Solution Items", "{21157EE9-F291-48DA-B411-731A21AAF6AD}"
	ProjectSection(SolutionItems) = preProject
		..\README.txt = ..\README.txt
	EndProjectSection
EndProject
Project("{2150E333-8FDC-42A3-9474-1A3956D46DE8}") = "Transport", "Transport", "{D40CE3C7-0F51-4D5D-94AD-5DBBAAB940B4}"
EndProject
Project("{9A19103F-16F7-4668-BE54-9A1E7A4F7556}") = "Plexus.Utils", "Plexus.Utils\Plexus.Utils.csproj", "{E64A6BC5-E141-4DC9-8F9B-3DCABE37EFF9}"
EndProject
Project("{9A19103F-16F7-4668-BE54-9A1E7A4F7556}") = "Plexus.Interop.Transport", "Plexus.Interop.Transport\Plexus.Interop.Transport.csproj", "{6958A076-8D0A-433B-BBF1-6AF782E8FFD0}"
EndProject
Project("{9A19103F-16F7-4668-BE54-9A1E7A4F7556}") = "Plexus.Interop.Broker.Host", "Plexus.Interop.Broker.Host\Plexus.Interop.Broker.Host.csproj", "{113039D9-C878-4404-97FE-6E371BC6C79B}"
	ProjectSection(ProjectDependencies) = postProject
		{F2B5D2A5-AF4D-4356-A023-FA8B589DEE13} = {F2B5D2A5-AF4D-4356-A023-FA8B589DEE13}
		{62F457D0-223A-4694-AC35-A855C43AEBDC} = {62F457D0-223A-4694-AC35-A855C43AEBDC}
	EndProjectSection
EndProject
Project("{9A19103F-16F7-4668-BE54-9A1E7A4F7556}") = "Plexus.Utils.Testing", "Plexus.Utils.Testing\Plexus.Utils.Testing.csproj", "{B089A539-9AA0-4156-B8E7-CB44564EBFD1}"
EndProject
Project("{9A19103F-16F7-4668-BE54-9A1E7A4F7556}") = "Plexus.Interop.Transport.Contracts", "Plexus.Interop.Transport.Contracts\Plexus.Interop.Transport.Contracts.csproj", "{04B6F57B-79F0-4D94-948D-A5B06B0A63AC}"
EndProject
Project("{9A19103F-16F7-4668-BE54-9A1E7A4F7556}") = "Plexus.Common.Contracts", "Plexus.Common.Contracts\Plexus.Common.Contracts.csproj", "{C439A91C-B618-44A4-A14C-1672094BFED8}"
EndProject
Project("{9A19103F-16F7-4668-BE54-9A1E7A4F7556}") = "Plexus.Logging", "Plexus.Logging\Plexus.Logging.csproj", "{CCBDCF7A-06C0-4842-AB20-BCAFADB8FFFF}"
EndProject
Project("{9A19103F-16F7-4668-BE54-9A1E7A4F7556}") = "Plexus.Logging.NLog", "Plexus.Logging.NLog\Plexus.Logging.NLog.csproj", "{A5D769B2-08A3-4FB6-8808-52E6AC23665C}"
EndProject
Project("{D954291E-2A0B-460D-934E-DC6B0785DB48}") = "Plexus.Utils.Testing.Shared", "Plexus.Utils.Testing.Shared\Plexus.Utils.Testing.Shared.shproj", "{ADA01827-8218-4182-AD83-A25FC36DDD95}"
EndProject
Project("{9A19103F-16F7-4668-BE54-9A1E7A4F7556}") = "Plexus.Utils.Tests", "Plexus.Utils.Tests\Plexus.Utils.Tests.csproj", "{431A3352-9191-40F3-BDC6-9B36AEFE8BCE}"
EndProject
Project("{9A19103F-16F7-4668-BE54-9A1E7A4F7556}") = "Plexus.Interop.Transport.Transmission.Streams", "Plexus.Interop.Transport.Transmission.Streams\Plexus.Interop.Transport.Transmission.Streams.csproj", "{C6F54CAC-3BCC-4ABB-852E-1EA18F3FDFB0}"
EndProject
Project("{9A19103F-16F7-4668-BE54-9A1E7A4F7556}") = "Plexus.Interop.Transport.Transmission.Contracts", "Plexus.Interop.Transport.Transmission.Contracts\Plexus.Interop.Transport.Transmission.Contracts.csproj", "{76A57645-A17F-4211-8FE9-FA0C2A321D35}"
EndProject
Project("{9A19103F-16F7-4668-BE54-9A1E7A4F7556}") = "Plexus.Interop.Transport.Protocol.Contracts", "Plexus.Interop.Transport.Protocol.Contracts\Plexus.Interop.Transport.Protocol.Contracts.csproj", "{09DB94B2-0FD8-429B-9073-936130C4FA03}"
EndProject
Project("{9A19103F-16F7-4668-BE54-9A1E7A4F7556}") = "Plexus.Interop.Transport.Protocol.Protobuf", "Plexus.Interop.Transport.Protocol.Protobuf\Plexus.Interop.Transport.Protocol.Protobuf.csproj", "{789DDB55-3F31-41FD-B1BF-D54EF0E46E7D}"
EndProject
Project("{9A19103F-16F7-4668-BE54-9A1E7A4F7556}") = "Plexus.Interop.Transport.Transmission.Pipes", "Plexus.Interop.Transport.Transmission.Pipes\Plexus.Interop.Transport.Transmission.Pipes.csproj", "{B9A61072-E5C4-4CEA-83EA-BEEA4E1B4F05}"
EndProject
Project("{9A19103F-16F7-4668-BE54-9A1E7A4F7556}") = "Plexus.Interop.Transport.Transmission.Pipes.Tests", "Plexus.Interop.Transport.Transmission.Pipes.Tests\Plexus.Interop.Transport.Transmission.Pipes.Tests.csproj", "{BCECDE18-E331-445C-A501-19B9B7D1BB3B}"
EndProject
Project("{9A19103F-16F7-4668-BE54-9A1E7A4F7556}") = "Plexus.Interop.Transport.Protocol", "Plexus.Interop.Transport.Protocol\Plexus.Interop.Transport.Protocol.csproj", "{C1BE90CA-7F16-470A-BF71-5B43F845DE64}"
EndProject
Project("{9A19103F-16F7-4668-BE54-9A1E7A4F7556}") = "Plexus.Interop.Transport.Protocol.Tests", "Plexus.Interop.Transport.Protocol.Tests\Plexus.Interop.Transport.Protocol.Tests.csproj", "{215B0F69-FAB6-402F-AEE7-7A68076605E6}"
EndProject
Project("{9A19103F-16F7-4668-BE54-9A1E7A4F7556}") = "Plexus.Interop.Transport.Transmission.WebSockets.Server", "Plexus.Interop.Transport.Transmission.WebSockets.Server\Plexus.Interop.Transport.Transmission.WebSockets.Server.csproj", "{15477A03-DAEF-4D18-9915-F4AF2126D423}"
EndProject
Project("{9A19103F-16F7-4668-BE54-9A1E7A4F7556}") = "Plexus.Interop.Transport.Transmission.WebSockets.Client", "Plexus.Interop.Transport.Transmission.WebSockets.Client\Plexus.Interop.Transport.Transmission.WebSockets.Client.csproj", "{A7EE4E71-3D2B-469D-9E4E-552D9F81E459}"
EndProject
Project("{9A19103F-16F7-4668-BE54-9A1E7A4F7556}") = "Plexus.Interop.Transport.Transmission.WebSockets.Tests", "Plexus.Interop.Transport.Transmission.WebSockets.Tests\Plexus.Interop.Transport.Transmission.WebSockets.Tests.csproj", "{8C1CF325-B2E8-44EB-930D-210ABCFE505F}"
EndProject
Project("{9A19103F-16F7-4668-BE54-9A1E7A4F7556}") = "Plexus.Interop.Transport.Transmission.Testing", "Plexus.Interop.Transport.Transmission.Testing\Plexus.Interop.Transport.Transmission.Testing.csproj", "{B1301BA6-9693-41B7-98E4-D879299CA781}"
EndProject
Project("{9A19103F-16F7-4668-BE54-9A1E7A4F7556}") = "Plexus.Interop.Protocol.Protobuf", "Plexus.Interop.Protocol.Protobuf\Plexus.Interop.Protocol.Protobuf.csproj", "{AFA0961A-CEA1-49FF-812A-8B166B34AF6C}"
EndProject
Project("{9A19103F-16F7-4668-BE54-9A1E7A4F7556}") = "Plexus.Interop.Broker", "Plexus.Interop.Broker\Plexus.Interop.Broker.csproj", "{1E084712-9A9F-4635-9B47-E4BAD924175B}"
EndProject
Project("{9A19103F-16F7-4668-BE54-9A1E7A4F7556}") = "Plexus.Interop.Protocol.Contracts", "Plexus.Interop.Protocol.Contracts\Plexus.Interop.Protocol.Contracts.csproj", "{AD1EE352-CBED-43DF-999B-5F1AFFE7CACB}"
EndProject
Project("{9A19103F-16F7-4668-BE54-9A1E7A4F7556}") = "Plexus.Interop.Protobuf", "Plexus.Interop.Protobuf\Plexus.Interop.Protobuf.csproj", "{E7197407-ECD1-4BB9-83DE-CCD56DA9F114}"
EndProject
Project("{9A19103F-16F7-4668-BE54-9A1E7A4F7556}") = "Plexus.Interop.Protocol.Common.Contracts", "Plexus.Interop.Protocol.Common.Contracts\Plexus.Interop.Protocol.Common.Contracts.csproj", "{037DE041-C2C3-4355-B37D-848BB14F81AC}"
EndProject
Project("{9A19103F-16F7-4668-BE54-9A1E7A4F7556}") = "Plexus.Interop.Protocol", "Plexus.Interop.Protocol\Plexus.Interop.Protocol.csproj", "{40774592-A7CB-42F8-9A67-F3CDF85918F8}"
EndProject
Project("{9A19103F-16F7-4668-BE54-9A1E7A4F7556}") = "Plexus.Interop.Broker.Core", "Plexus.Interop.Broker.Core\Plexus.Interop.Broker.Core.csproj", "{6A302542-4EB4-4E80-BBF7-0B2235AF2873}"
EndProject
Project("{9A19103F-16F7-4668-BE54-9A1E7A4F7556}") = "Plexus.Interop.Tests", "Plexus.Interop.Tests\Plexus.Interop.Tests.csproj", "{413FDF9E-D3B8-4060-B047-ADF5DF7674D3}"
EndProject
Project("{9A19103F-16F7-4668-BE54-9A1E7A4F7556}") = "Plexus.Interop.Apps.Manager", "Plexus.Interop.Apps.Manager\Plexus.Interop.Apps.Manager.csproj", "{30667250-0A0C-427D-8EEB-70DE3201AFF0}"
EndProject
Project("{2150E333-8FDC-42A3-9474-1A3956D46DE8}") = "Utils", "Utils", "{BC748110-6B70-4E55-AE09-684577217BD9}"
EndProject
Project("{2150E333-8FDC-42A3-9474-1A3956D46DE8}") = "Protocol", "Protocol", "{D4C42A41-34F1-44C3-82EB-C91495A368B9}"
	ProjectSection(SolutionItems) = preProject
		..\..\protocol\plexus.interop.proto = ..\..\protocol\plexus.interop.proto
		..\..\protocol\plexus.interop.transport.proto = ..\..\protocol\plexus.interop.transport.proto
		..\..\protocol\plexus.proto = ..\..\protocol\plexus.proto
	EndProjectSection
EndProject
Project("{2150E333-8FDC-42A3-9474-1A3956D46DE8}") = "Broker", "Broker", "{D183E4A6-8BB1-4E52-9B5B-8BDB7770B5C5}"
EndProject
Project("{2150E333-8FDC-42A3-9474-1A3956D46DE8}") = "Client", "Client", "{37B50996-7A29-4F19-AC26-85953814B33E}"
EndProject
Project("{2150E333-8FDC-42A3-9474-1A3956D46DE8}") = "IntegrationTests", "IntegrationTests", "{5DC3E899-B07F-4956-AD21-2B712A67456E}"
EndProject
Project("{9A19103F-16F7-4668-BE54-9A1E7A4F7556}") = "Plexus.Interop.Client.Core", "Plexus.Interop.Client.Core\Plexus.Interop.Client.Core.csproj", "{62636D0B-B120-4889-92A2-07E95B72F039}"
EndProject
Project("{9A19103F-16F7-4668-BE54-9A1E7A4F7556}") = "Plexus.Interop.Client.Marshalling.Contracts", "Plexus.Interop.Client.Marshalling.Contracts\Plexus.Interop.Client.Marshalling.Contracts.csproj", "{0205606B-8D46-49CE-91F9-937209F4206E}"
EndProject
Project("{9A19103F-16F7-4668-BE54-9A1E7A4F7556}") = "Plexus.Interop.Client.Marshalling.Protobuf", "Plexus.Interop.Client.Marshalling.Protobuf\Plexus.Interop.Client.Marshalling.Protobuf.csproj", "{B73ECE12-4DFE-4B2D-B79E-7E96169F59E2}"
EndProject
Project("{9A19103F-16F7-4668-BE54-9A1E7A4F7556}") = "Plexus.Interop.Client", "Plexus.Interop.Client\Plexus.Interop.Client.csproj", "{86FA0447-5E15-4758-8D1C-8AB413CF0097}"
EndProject
Project("{9A19103F-16F7-4668-BE54-9A1E7A4F7556}") = "Plexus.Interop.Testing", "Plexus.Interop.Testing\Plexus.Interop.Testing.csproj", "{78B22006-0BC7-4F30-990D-2F1B06FC23B4}"
	ProjectSection(ProjectDependencies) = postProject
		{113039D9-C878-4404-97FE-6E371BC6C79B} = {113039D9-C878-4404-97FE-6E371BC6C79B}
	EndProjectSection
EndProject
Project("{9A19103F-16F7-4668-BE54-9A1E7A4F7556}") = "Plexus.Interop.Transport.Utils", "Plexus.Interop.Transport.Utils\Plexus.Interop.Transport.Utils.csproj", "{66D22EE5-D153-4248-87B5-F3D4D86DC1F8}"
EndProject
Project("{9A19103F-16F7-4668-BE54-9A1E7A4F7556}") = "Plexus.Interop.Transport.Pipes.Tests", "Plexus.Interop.Transport.Pipes.Tests\Plexus.Interop.Transport.Pipes.Tests.csproj", "{B9ADE812-6919-4B86-BD1C-0123DBB95FCB}"
EndProject
Project("{9A19103F-16F7-4668-BE54-9A1E7A4F7556}") = "Plexus.Interop.Transport.Testing", "Plexus.Interop.Transport.Testing\Plexus.Interop.Transport.Testing.csproj", "{8D3A03B6-B4FC-4658-B488-8388E2D15CE4}"
EndProject
Project("{9A19103F-16F7-4668-BE54-9A1E7A4F7556}") = "Plexus.Interop.Transport.WebSockets.Tests", "Plexus.Interop.Transport.WebSockets.Tests\Plexus.Interop.Transport.WebSockets.Tests.csproj", "{CB185812-DEAD-4E84-8F69-C2570E3DA38A}"
EndProject
Project("{9A19103F-16F7-4668-BE54-9A1E7A4F7556}") = "Plexus.Channels", "Plexus.Channels\Plexus.Channels.csproj", "{821D505F-6EAC-4C7D-8A4E-5D5CA44A8977}"
EndProject
Project("{9A19103F-16F7-4668-BE54-9A1E7A4F7556}") = "Plexus.Interop.Metamodel", "Plexus.Interop.Metamodel\Plexus.Interop.Metamodel.csproj", "{B0BAB9D3-0889-41C3-9238-59E1C93EE721}"
EndProject
Project("{9A19103F-16F7-4668-BE54-9A1E7A4F7556}") = "Plexus.Interop.Metamodel.Json", "Plexus.Interop.Metamodel.Json\Plexus.Interop.Metamodel.Json.csproj", "{AF3239E1-4625-4792-8288-101D0AC13BFC}"
EndProject
Project("{9A19103F-16F7-4668-BE54-9A1E7A4F7556}") = "Plexus.Interop.Metamodel.Contracts", "Plexus.Interop.Metamodel.Contracts\Plexus.Interop.Metamodel.Contracts.csproj", "{B87D2027-2A94-4E3A-A7D8-9F0B73F76EE1}"
EndProject
Project("{9A19103F-16F7-4668-BE54-9A1E7A4F7556}") = "Plexus.Interop.Metamodel.Json.Tests", "Plexus.Interop.Metamodel.Json.Tests\Plexus.Interop.Metamodel.Json.Tests.csproj", "{FDE6BDBB-B755-43A8-9528-4729826FD375}"
EndProject
Project("{9A19103F-16F7-4668-BE54-9A1E7A4F7556}") = "Plexus.Interop.Protocol.Protobuf.Tests", "Plexus.Interop.Protocol.Protobuf.Tests\Plexus.Interop.Protocol.Protobuf.Tests.csproj", "{2692D84D-B028-496D-A417-D08489C02E4D}"
EndProject
Project("{9A19103F-16F7-4668-BE54-9A1E7A4F7556}") = "Plexus.Host", "Plexus.Host\Plexus.Host.csproj", "{62F457D0-223A-4694-AC35-A855C43AEBDC}"
EndProject
Project("{9A19103F-16F7-4668-BE54-9A1E7A4F7556}") = "Plexus.Host.Contracts", "Plexus.Host.Contracts\Plexus.Host.Contracts.csproj", "{9B19A2C5-3784-42CC-A235-D9F7FA753F52}"
EndProject
Project("{2150E333-8FDC-42A3-9474-1A3956D46DE8}") = "Samples", "Samples", "{441CC140-366E-46D6-B294-3E9DA10809B4}"
EndProject
Project("{9A19103F-16F7-4668-BE54-9A1E7A4F7556}") = "Plexus.Interop.Samples.GreetingServer", "Plexus.Interop.Samples.GreetingServer\Plexus.Interop.Samples.GreetingServer.csproj", "{65A131FC-0E7A-44BD-A587-2D27D23A7D44}"
EndProject
Project("{9A19103F-16F7-4668-BE54-9A1E7A4F7556}") = "Plexus.Interop.Samples.GreetingClient", "Plexus.Interop.Samples.GreetingClient\Plexus.Interop.Samples.GreetingClient.csproj", "{843B6A56-9564-4739-9E5D-D684BD6DB489}"
EndProject
Project("{9A19103F-16F7-4668-BE54-9A1E7A4F7556}") = "Plexus.Interop.Apps.Manager.Contracts", "Plexus.Interop.Apps.Manager.Contracts\Plexus.Interop.Apps.Manager.Contracts.csproj", "{02458864-185B-402F-A945-E9766395EF21}"
EndProject
Project("{9A19103F-16F7-4668-BE54-9A1E7A4F7556}") = "Plexus.Interop.Samples.Metadata", "Plexus.Interop.Samples.Metadata\Plexus.Interop.Samples.Metadata.csproj", "{F2B5D2A5-AF4D-4356-A023-FA8B589DEE13}"
EndProject
Project("{FAE04EC0-301F-11D3-BF4B-00C04F79EFBC}") = "Plexus.Interop.CommandLineTool", "Plexus.Interop.CommandLineTool\Plexus.Interop.CommandLineTool.csproj", "{0DBE22B8-BB9B-46B6-BF02-8E1345989D0E}"
EndProject
Global
	GlobalSection(SharedMSBuildProjectFiles) = preSolution
		Plexus.Utils.Testing.Shared\Plexus.Utils.Testing.Shared.projitems*{ada01827-8218-4182-ad83-a25fc36ddd95}*SharedItemsImports = 13
	EndGlobalSection
	GlobalSection(SolutionConfigurationPlatforms) = preSolution
		Debug|Any CPU = Debug|Any CPU
		Debug|x64 = Debug|x64
		Debug|x86 = Debug|x86
		Release|Any CPU = Release|Any CPU
		Release|x64 = Release|x64
		Release|x86 = Release|x86
	EndGlobalSection
	GlobalSection(ProjectConfigurationPlatforms) = postSolution
		{E64A6BC5-E141-4DC9-8F9B-3DCABE37EFF9}.Debug|Any CPU.ActiveCfg = Debug|Any CPU
		{E64A6BC5-E141-4DC9-8F9B-3DCABE37EFF9}.Debug|Any CPU.Build.0 = Debug|Any CPU
		{E64A6BC5-E141-4DC9-8F9B-3DCABE37EFF9}.Debug|x64.ActiveCfg = Debug|Any CPU
		{E64A6BC5-E141-4DC9-8F9B-3DCABE37EFF9}.Debug|x64.Build.0 = Debug|Any CPU
		{E64A6BC5-E141-4DC9-8F9B-3DCABE37EFF9}.Debug|x86.ActiveCfg = Debug|Any CPU
		{E64A6BC5-E141-4DC9-8F9B-3DCABE37EFF9}.Debug|x86.Build.0 = Debug|Any CPU
		{E64A6BC5-E141-4DC9-8F9B-3DCABE37EFF9}.Release|Any CPU.ActiveCfg = Release|Any CPU
		{E64A6BC5-E141-4DC9-8F9B-3DCABE37EFF9}.Release|Any CPU.Build.0 = Release|Any CPU
		{E64A6BC5-E141-4DC9-8F9B-3DCABE37EFF9}.Release|x64.ActiveCfg = Release|Any CPU
		{E64A6BC5-E141-4DC9-8F9B-3DCABE37EFF9}.Release|x64.Build.0 = Release|Any CPU
		{E64A6BC5-E141-4DC9-8F9B-3DCABE37EFF9}.Release|x86.ActiveCfg = Release|Any CPU
		{E64A6BC5-E141-4DC9-8F9B-3DCABE37EFF9}.Release|x86.Build.0 = Release|Any CPU
		{6958A076-8D0A-433B-BBF1-6AF782E8FFD0}.Debug|Any CPU.ActiveCfg = Debug|Any CPU
		{6958A076-8D0A-433B-BBF1-6AF782E8FFD0}.Debug|Any CPU.Build.0 = Debug|Any CPU
		{6958A076-8D0A-433B-BBF1-6AF782E8FFD0}.Debug|x64.ActiveCfg = Debug|Any CPU
		{6958A076-8D0A-433B-BBF1-6AF782E8FFD0}.Debug|x64.Build.0 = Debug|Any CPU
		{6958A076-8D0A-433B-BBF1-6AF782E8FFD0}.Debug|x86.ActiveCfg = Debug|Any CPU
		{6958A076-8D0A-433B-BBF1-6AF782E8FFD0}.Debug|x86.Build.0 = Debug|Any CPU
		{6958A076-8D0A-433B-BBF1-6AF782E8FFD0}.Release|Any CPU.ActiveCfg = Release|Any CPU
		{6958A076-8D0A-433B-BBF1-6AF782E8FFD0}.Release|Any CPU.Build.0 = Release|Any CPU
		{6958A076-8D0A-433B-BBF1-6AF782E8FFD0}.Release|x64.ActiveCfg = Release|Any CPU
		{6958A076-8D0A-433B-BBF1-6AF782E8FFD0}.Release|x64.Build.0 = Release|Any CPU
		{6958A076-8D0A-433B-BBF1-6AF782E8FFD0}.Release|x86.ActiveCfg = Release|Any CPU
		{6958A076-8D0A-433B-BBF1-6AF782E8FFD0}.Release|x86.Build.0 = Release|Any CPU
		{113039D9-C878-4404-97FE-6E371BC6C79B}.Debug|Any CPU.ActiveCfg = Debug|Any CPU
		{113039D9-C878-4404-97FE-6E371BC6C79B}.Debug|Any CPU.Build.0 = Debug|Any CPU
		{113039D9-C878-4404-97FE-6E371BC6C79B}.Debug|x64.ActiveCfg = Debug|Any CPU
		{113039D9-C878-4404-97FE-6E371BC6C79B}.Debug|x64.Build.0 = Debug|Any CPU
		{113039D9-C878-4404-97FE-6E371BC6C79B}.Debug|x86.ActiveCfg = Debug|Any CPU
		{113039D9-C878-4404-97FE-6E371BC6C79B}.Debug|x86.Build.0 = Debug|Any CPU
		{113039D9-C878-4404-97FE-6E371BC6C79B}.Release|Any CPU.ActiveCfg = Release|Any CPU
		{113039D9-C878-4404-97FE-6E371BC6C79B}.Release|Any CPU.Build.0 = Release|Any CPU
		{113039D9-C878-4404-97FE-6E371BC6C79B}.Release|x64.ActiveCfg = Release|Any CPU
		{113039D9-C878-4404-97FE-6E371BC6C79B}.Release|x64.Build.0 = Release|Any CPU
		{113039D9-C878-4404-97FE-6E371BC6C79B}.Release|x86.ActiveCfg = Release|Any CPU
		{113039D9-C878-4404-97FE-6E371BC6C79B}.Release|x86.Build.0 = Release|Any CPU
		{B089A539-9AA0-4156-B8E7-CB44564EBFD1}.Debug|Any CPU.ActiveCfg = Debug|Any CPU
		{B089A539-9AA0-4156-B8E7-CB44564EBFD1}.Debug|Any CPU.Build.0 = Debug|Any CPU
		{B089A539-9AA0-4156-B8E7-CB44564EBFD1}.Debug|x64.ActiveCfg = Debug|Any CPU
		{B089A539-9AA0-4156-B8E7-CB44564EBFD1}.Debug|x64.Build.0 = Debug|Any CPU
		{B089A539-9AA0-4156-B8E7-CB44564EBFD1}.Debug|x86.ActiveCfg = Debug|Any CPU
		{B089A539-9AA0-4156-B8E7-CB44564EBFD1}.Debug|x86.Build.0 = Debug|Any CPU
		{B089A539-9AA0-4156-B8E7-CB44564EBFD1}.Release|Any CPU.ActiveCfg = Release|Any CPU
		{B089A539-9AA0-4156-B8E7-CB44564EBFD1}.Release|Any CPU.Build.0 = Release|Any CPU
		{B089A539-9AA0-4156-B8E7-CB44564EBFD1}.Release|x64.ActiveCfg = Release|Any CPU
		{B089A539-9AA0-4156-B8E7-CB44564EBFD1}.Release|x64.Build.0 = Release|Any CPU
		{B089A539-9AA0-4156-B8E7-CB44564EBFD1}.Release|x86.ActiveCfg = Release|Any CPU
		{B089A539-9AA0-4156-B8E7-CB44564EBFD1}.Release|x86.Build.0 = Release|Any CPU
		{04B6F57B-79F0-4D94-948D-A5B06B0A63AC}.Debug|Any CPU.ActiveCfg = Debug|Any CPU
		{04B6F57B-79F0-4D94-948D-A5B06B0A63AC}.Debug|Any CPU.Build.0 = Debug|Any CPU
		{04B6F57B-79F0-4D94-948D-A5B06B0A63AC}.Debug|x64.ActiveCfg = Debug|Any CPU
		{04B6F57B-79F0-4D94-948D-A5B06B0A63AC}.Debug|x64.Build.0 = Debug|Any CPU
		{04B6F57B-79F0-4D94-948D-A5B06B0A63AC}.Debug|x86.ActiveCfg = Debug|Any CPU
		{04B6F57B-79F0-4D94-948D-A5B06B0A63AC}.Debug|x86.Build.0 = Debug|Any CPU
		{04B6F57B-79F0-4D94-948D-A5B06B0A63AC}.Release|Any CPU.ActiveCfg = Release|Any CPU
		{04B6F57B-79F0-4D94-948D-A5B06B0A63AC}.Release|Any CPU.Build.0 = Release|Any CPU
		{04B6F57B-79F0-4D94-948D-A5B06B0A63AC}.Release|x64.ActiveCfg = Release|Any CPU
		{04B6F57B-79F0-4D94-948D-A5B06B0A63AC}.Release|x64.Build.0 = Release|Any CPU
		{04B6F57B-79F0-4D94-948D-A5B06B0A63AC}.Release|x86.ActiveCfg = Release|Any CPU
		{04B6F57B-79F0-4D94-948D-A5B06B0A63AC}.Release|x86.Build.0 = Release|Any CPU
		{C439A91C-B618-44A4-A14C-1672094BFED8}.Debug|Any CPU.ActiveCfg = Debug|Any CPU
		{C439A91C-B618-44A4-A14C-1672094BFED8}.Debug|Any CPU.Build.0 = Debug|Any CPU
		{C439A91C-B618-44A4-A14C-1672094BFED8}.Debug|x64.ActiveCfg = Debug|Any CPU
		{C439A91C-B618-44A4-A14C-1672094BFED8}.Debug|x64.Build.0 = Debug|Any CPU
		{C439A91C-B618-44A4-A14C-1672094BFED8}.Debug|x86.ActiveCfg = Debug|Any CPU
		{C439A91C-B618-44A4-A14C-1672094BFED8}.Debug|x86.Build.0 = Debug|Any CPU
		{C439A91C-B618-44A4-A14C-1672094BFED8}.Release|Any CPU.ActiveCfg = Release|Any CPU
		{C439A91C-B618-44A4-A14C-1672094BFED8}.Release|Any CPU.Build.0 = Release|Any CPU
		{C439A91C-B618-44A4-A14C-1672094BFED8}.Release|x64.ActiveCfg = Release|Any CPU
		{C439A91C-B618-44A4-A14C-1672094BFED8}.Release|x64.Build.0 = Release|Any CPU
		{C439A91C-B618-44A4-A14C-1672094BFED8}.Release|x86.ActiveCfg = Release|Any CPU
		{C439A91C-B618-44A4-A14C-1672094BFED8}.Release|x86.Build.0 = Release|Any CPU
		{CCBDCF7A-06C0-4842-AB20-BCAFADB8FFFF}.Debug|Any CPU.ActiveCfg = Debug|Any CPU
		{CCBDCF7A-06C0-4842-AB20-BCAFADB8FFFF}.Debug|Any CPU.Build.0 = Debug|Any CPU
		{CCBDCF7A-06C0-4842-AB20-BCAFADB8FFFF}.Debug|x64.ActiveCfg = Debug|Any CPU
		{CCBDCF7A-06C0-4842-AB20-BCAFADB8FFFF}.Debug|x64.Build.0 = Debug|Any CPU
		{CCBDCF7A-06C0-4842-AB20-BCAFADB8FFFF}.Debug|x86.ActiveCfg = Debug|Any CPU
		{CCBDCF7A-06C0-4842-AB20-BCAFADB8FFFF}.Debug|x86.Build.0 = Debug|Any CPU
		{CCBDCF7A-06C0-4842-AB20-BCAFADB8FFFF}.Release|Any CPU.ActiveCfg = Release|Any CPU
		{CCBDCF7A-06C0-4842-AB20-BCAFADB8FFFF}.Release|Any CPU.Build.0 = Release|Any CPU
		{CCBDCF7A-06C0-4842-AB20-BCAFADB8FFFF}.Release|x64.ActiveCfg = Release|Any CPU
		{CCBDCF7A-06C0-4842-AB20-BCAFADB8FFFF}.Release|x64.Build.0 = Release|Any CPU
		{CCBDCF7A-06C0-4842-AB20-BCAFADB8FFFF}.Release|x86.ActiveCfg = Release|Any CPU
		{CCBDCF7A-06C0-4842-AB20-BCAFADB8FFFF}.Release|x86.Build.0 = Release|Any CPU
		{A5D769B2-08A3-4FB6-8808-52E6AC23665C}.Debug|Any CPU.ActiveCfg = Debug|Any CPU
		{A5D769B2-08A3-4FB6-8808-52E6AC23665C}.Debug|Any CPU.Build.0 = Debug|Any CPU
		{A5D769B2-08A3-4FB6-8808-52E6AC23665C}.Debug|x64.ActiveCfg = Debug|Any CPU
		{A5D769B2-08A3-4FB6-8808-52E6AC23665C}.Debug|x64.Build.0 = Debug|Any CPU
		{A5D769B2-08A3-4FB6-8808-52E6AC23665C}.Debug|x86.ActiveCfg = Debug|Any CPU
		{A5D769B2-08A3-4FB6-8808-52E6AC23665C}.Debug|x86.Build.0 = Debug|Any CPU
		{A5D769B2-08A3-4FB6-8808-52E6AC23665C}.Release|Any CPU.ActiveCfg = Release|Any CPU
		{A5D769B2-08A3-4FB6-8808-52E6AC23665C}.Release|Any CPU.Build.0 = Release|Any CPU
		{A5D769B2-08A3-4FB6-8808-52E6AC23665C}.Release|x64.ActiveCfg = Release|Any CPU
		{A5D769B2-08A3-4FB6-8808-52E6AC23665C}.Release|x64.Build.0 = Release|Any CPU
		{A5D769B2-08A3-4FB6-8808-52E6AC23665C}.Release|x86.ActiveCfg = Release|Any CPU
		{A5D769B2-08A3-4FB6-8808-52E6AC23665C}.Release|x86.Build.0 = Release|Any CPU
		{431A3352-9191-40F3-BDC6-9B36AEFE8BCE}.Debug|Any CPU.ActiveCfg = Debug|Any CPU
		{431A3352-9191-40F3-BDC6-9B36AEFE8BCE}.Debug|Any CPU.Build.0 = Debug|Any CPU
		{431A3352-9191-40F3-BDC6-9B36AEFE8BCE}.Debug|x64.ActiveCfg = Debug|Any CPU
		{431A3352-9191-40F3-BDC6-9B36AEFE8BCE}.Debug|x64.Build.0 = Debug|Any CPU
		{431A3352-9191-40F3-BDC6-9B36AEFE8BCE}.Debug|x86.ActiveCfg = Debug|Any CPU
		{431A3352-9191-40F3-BDC6-9B36AEFE8BCE}.Debug|x86.Build.0 = Debug|Any CPU
		{431A3352-9191-40F3-BDC6-9B36AEFE8BCE}.Release|Any CPU.ActiveCfg = Release|Any CPU
		{431A3352-9191-40F3-BDC6-9B36AEFE8BCE}.Release|Any CPU.Build.0 = Release|Any CPU
		{431A3352-9191-40F3-BDC6-9B36AEFE8BCE}.Release|x64.ActiveCfg = Release|Any CPU
		{431A3352-9191-40F3-BDC6-9B36AEFE8BCE}.Release|x64.Build.0 = Release|Any CPU
		{431A3352-9191-40F3-BDC6-9B36AEFE8BCE}.Release|x86.ActiveCfg = Release|Any CPU
		{431A3352-9191-40F3-BDC6-9B36AEFE8BCE}.Release|x86.Build.0 = Release|Any CPU
		{C6F54CAC-3BCC-4ABB-852E-1EA18F3FDFB0}.Debug|Any CPU.ActiveCfg = Debug|Any CPU
		{C6F54CAC-3BCC-4ABB-852E-1EA18F3FDFB0}.Debug|Any CPU.Build.0 = Debug|Any CPU
		{C6F54CAC-3BCC-4ABB-852E-1EA18F3FDFB0}.Debug|x64.ActiveCfg = Debug|Any CPU
		{C6F54CAC-3BCC-4ABB-852E-1EA18F3FDFB0}.Debug|x64.Build.0 = Debug|Any CPU
		{C6F54CAC-3BCC-4ABB-852E-1EA18F3FDFB0}.Debug|x86.ActiveCfg = Debug|Any CPU
		{C6F54CAC-3BCC-4ABB-852E-1EA18F3FDFB0}.Debug|x86.Build.0 = Debug|Any CPU
		{C6F54CAC-3BCC-4ABB-852E-1EA18F3FDFB0}.Release|Any CPU.ActiveCfg = Release|Any CPU
		{C6F54CAC-3BCC-4ABB-852E-1EA18F3FDFB0}.Release|Any CPU.Build.0 = Release|Any CPU
		{C6F54CAC-3BCC-4ABB-852E-1EA18F3FDFB0}.Release|x64.ActiveCfg = Release|Any CPU
		{C6F54CAC-3BCC-4ABB-852E-1EA18F3FDFB0}.Release|x64.Build.0 = Release|Any CPU
		{C6F54CAC-3BCC-4ABB-852E-1EA18F3FDFB0}.Release|x86.ActiveCfg = Release|Any CPU
		{C6F54CAC-3BCC-4ABB-852E-1EA18F3FDFB0}.Release|x86.Build.0 = Release|Any CPU
		{76A57645-A17F-4211-8FE9-FA0C2A321D35}.Debug|Any CPU.ActiveCfg = Debug|Any CPU
		{76A57645-A17F-4211-8FE9-FA0C2A321D35}.Debug|Any CPU.Build.0 = Debug|Any CPU
		{76A57645-A17F-4211-8FE9-FA0C2A321D35}.Debug|x64.ActiveCfg = Debug|Any CPU
		{76A57645-A17F-4211-8FE9-FA0C2A321D35}.Debug|x64.Build.0 = Debug|Any CPU
		{76A57645-A17F-4211-8FE9-FA0C2A321D35}.Debug|x86.ActiveCfg = Debug|Any CPU
		{76A57645-A17F-4211-8FE9-FA0C2A321D35}.Debug|x86.Build.0 = Debug|Any CPU
		{76A57645-A17F-4211-8FE9-FA0C2A321D35}.Release|Any CPU.ActiveCfg = Release|Any CPU
		{76A57645-A17F-4211-8FE9-FA0C2A321D35}.Release|Any CPU.Build.0 = Release|Any CPU
		{76A57645-A17F-4211-8FE9-FA0C2A321D35}.Release|x64.ActiveCfg = Release|Any CPU
		{76A57645-A17F-4211-8FE9-FA0C2A321D35}.Release|x64.Build.0 = Release|Any CPU
		{76A57645-A17F-4211-8FE9-FA0C2A321D35}.Release|x86.ActiveCfg = Release|Any CPU
		{76A57645-A17F-4211-8FE9-FA0C2A321D35}.Release|x86.Build.0 = Release|Any CPU
		{09DB94B2-0FD8-429B-9073-936130C4FA03}.Debug|Any CPU.ActiveCfg = Debug|Any CPU
		{09DB94B2-0FD8-429B-9073-936130C4FA03}.Debug|Any CPU.Build.0 = Debug|Any CPU
		{09DB94B2-0FD8-429B-9073-936130C4FA03}.Debug|x64.ActiveCfg = Debug|Any CPU
		{09DB94B2-0FD8-429B-9073-936130C4FA03}.Debug|x64.Build.0 = Debug|Any CPU
		{09DB94B2-0FD8-429B-9073-936130C4FA03}.Debug|x86.ActiveCfg = Debug|Any CPU
		{09DB94B2-0FD8-429B-9073-936130C4FA03}.Debug|x86.Build.0 = Debug|Any CPU
		{09DB94B2-0FD8-429B-9073-936130C4FA03}.Release|Any CPU.ActiveCfg = Release|Any CPU
		{09DB94B2-0FD8-429B-9073-936130C4FA03}.Release|Any CPU.Build.0 = Release|Any CPU
		{09DB94B2-0FD8-429B-9073-936130C4FA03}.Release|x64.ActiveCfg = Release|Any CPU
		{09DB94B2-0FD8-429B-9073-936130C4FA03}.Release|x64.Build.0 = Release|Any CPU
		{09DB94B2-0FD8-429B-9073-936130C4FA03}.Release|x86.ActiveCfg = Release|Any CPU
		{09DB94B2-0FD8-429B-9073-936130C4FA03}.Release|x86.Build.0 = Release|Any CPU
		{789DDB55-3F31-41FD-B1BF-D54EF0E46E7D}.Debug|Any CPU.ActiveCfg = Debug|Any CPU
		{789DDB55-3F31-41FD-B1BF-D54EF0E46E7D}.Debug|Any CPU.Build.0 = Debug|Any CPU
		{789DDB55-3F31-41FD-B1BF-D54EF0E46E7D}.Debug|x64.ActiveCfg = Debug|Any CPU
		{789DDB55-3F31-41FD-B1BF-D54EF0E46E7D}.Debug|x64.Build.0 = Debug|Any CPU
		{789DDB55-3F31-41FD-B1BF-D54EF0E46E7D}.Debug|x86.ActiveCfg = Debug|Any CPU
		{789DDB55-3F31-41FD-B1BF-D54EF0E46E7D}.Debug|x86.Build.0 = Debug|Any CPU
		{789DDB55-3F31-41FD-B1BF-D54EF0E46E7D}.Release|Any CPU.ActiveCfg = Release|Any CPU
		{789DDB55-3F31-41FD-B1BF-D54EF0E46E7D}.Release|Any CPU.Build.0 = Release|Any CPU
		{789DDB55-3F31-41FD-B1BF-D54EF0E46E7D}.Release|x64.ActiveCfg = Release|Any CPU
		{789DDB55-3F31-41FD-B1BF-D54EF0E46E7D}.Release|x64.Build.0 = Release|Any CPU
		{789DDB55-3F31-41FD-B1BF-D54EF0E46E7D}.Release|x86.ActiveCfg = Release|Any CPU
		{789DDB55-3F31-41FD-B1BF-D54EF0E46E7D}.Release|x86.Build.0 = Release|Any CPU
		{B9A61072-E5C4-4CEA-83EA-BEEA4E1B4F05}.Debug|Any CPU.ActiveCfg = Debug|Any CPU
		{B9A61072-E5C4-4CEA-83EA-BEEA4E1B4F05}.Debug|Any CPU.Build.0 = Debug|Any CPU
		{B9A61072-E5C4-4CEA-83EA-BEEA4E1B4F05}.Debug|x64.ActiveCfg = Debug|Any CPU
		{B9A61072-E5C4-4CEA-83EA-BEEA4E1B4F05}.Debug|x64.Build.0 = Debug|Any CPU
		{B9A61072-E5C4-4CEA-83EA-BEEA4E1B4F05}.Debug|x86.ActiveCfg = Debug|Any CPU
		{B9A61072-E5C4-4CEA-83EA-BEEA4E1B4F05}.Debug|x86.Build.0 = Debug|Any CPU
		{B9A61072-E5C4-4CEA-83EA-BEEA4E1B4F05}.Release|Any CPU.ActiveCfg = Release|Any CPU
		{B9A61072-E5C4-4CEA-83EA-BEEA4E1B4F05}.Release|Any CPU.Build.0 = Release|Any CPU
		{B9A61072-E5C4-4CEA-83EA-BEEA4E1B4F05}.Release|x64.ActiveCfg = Release|Any CPU
		{B9A61072-E5C4-4CEA-83EA-BEEA4E1B4F05}.Release|x64.Build.0 = Release|Any CPU
		{B9A61072-E5C4-4CEA-83EA-BEEA4E1B4F05}.Release|x86.ActiveCfg = Release|Any CPU
		{B9A61072-E5C4-4CEA-83EA-BEEA4E1B4F05}.Release|x86.Build.0 = Release|Any CPU
		{BCECDE18-E331-445C-A501-19B9B7D1BB3B}.Debug|Any CPU.ActiveCfg = Debug|Any CPU
		{BCECDE18-E331-445C-A501-19B9B7D1BB3B}.Debug|Any CPU.Build.0 = Debug|Any CPU
		{BCECDE18-E331-445C-A501-19B9B7D1BB3B}.Debug|x64.ActiveCfg = Debug|Any CPU
		{BCECDE18-E331-445C-A501-19B9B7D1BB3B}.Debug|x64.Build.0 = Debug|Any CPU
		{BCECDE18-E331-445C-A501-19B9B7D1BB3B}.Debug|x86.ActiveCfg = Debug|Any CPU
		{BCECDE18-E331-445C-A501-19B9B7D1BB3B}.Debug|x86.Build.0 = Debug|Any CPU
		{BCECDE18-E331-445C-A501-19B9B7D1BB3B}.Release|Any CPU.ActiveCfg = Release|Any CPU
		{BCECDE18-E331-445C-A501-19B9B7D1BB3B}.Release|Any CPU.Build.0 = Release|Any CPU
		{BCECDE18-E331-445C-A501-19B9B7D1BB3B}.Release|x64.ActiveCfg = Release|Any CPU
		{BCECDE18-E331-445C-A501-19B9B7D1BB3B}.Release|x64.Build.0 = Release|Any CPU
		{BCECDE18-E331-445C-A501-19B9B7D1BB3B}.Release|x86.ActiveCfg = Release|Any CPU
		{BCECDE18-E331-445C-A501-19B9B7D1BB3B}.Release|x86.Build.0 = Release|Any CPU
		{C1BE90CA-7F16-470A-BF71-5B43F845DE64}.Debug|Any CPU.ActiveCfg = Debug|Any CPU
		{C1BE90CA-7F16-470A-BF71-5B43F845DE64}.Debug|Any CPU.Build.0 = Debug|Any CPU
		{C1BE90CA-7F16-470A-BF71-5B43F845DE64}.Debug|x64.ActiveCfg = Debug|Any CPU
		{C1BE90CA-7F16-470A-BF71-5B43F845DE64}.Debug|x64.Build.0 = Debug|Any CPU
		{C1BE90CA-7F16-470A-BF71-5B43F845DE64}.Debug|x86.ActiveCfg = Debug|Any CPU
		{C1BE90CA-7F16-470A-BF71-5B43F845DE64}.Debug|x86.Build.0 = Debug|Any CPU
		{C1BE90CA-7F16-470A-BF71-5B43F845DE64}.Release|Any CPU.ActiveCfg = Release|Any CPU
		{C1BE90CA-7F16-470A-BF71-5B43F845DE64}.Release|Any CPU.Build.0 = Release|Any CPU
		{C1BE90CA-7F16-470A-BF71-5B43F845DE64}.Release|x64.ActiveCfg = Release|Any CPU
		{C1BE90CA-7F16-470A-BF71-5B43F845DE64}.Release|x64.Build.0 = Release|Any CPU
		{C1BE90CA-7F16-470A-BF71-5B43F845DE64}.Release|x86.ActiveCfg = Release|Any CPU
		{C1BE90CA-7F16-470A-BF71-5B43F845DE64}.Release|x86.Build.0 = Release|Any CPU
		{215B0F69-FAB6-402F-AEE7-7A68076605E6}.Debug|Any CPU.ActiveCfg = Debug|Any CPU
		{215B0F69-FAB6-402F-AEE7-7A68076605E6}.Debug|Any CPU.Build.0 = Debug|Any CPU
		{215B0F69-FAB6-402F-AEE7-7A68076605E6}.Debug|x64.ActiveCfg = Debug|Any CPU
		{215B0F69-FAB6-402F-AEE7-7A68076605E6}.Debug|x64.Build.0 = Debug|Any CPU
		{215B0F69-FAB6-402F-AEE7-7A68076605E6}.Debug|x86.ActiveCfg = Debug|Any CPU
		{215B0F69-FAB6-402F-AEE7-7A68076605E6}.Debug|x86.Build.0 = Debug|Any CPU
		{215B0F69-FAB6-402F-AEE7-7A68076605E6}.Release|Any CPU.ActiveCfg = Release|Any CPU
		{215B0F69-FAB6-402F-AEE7-7A68076605E6}.Release|Any CPU.Build.0 = Release|Any CPU
		{215B0F69-FAB6-402F-AEE7-7A68076605E6}.Release|x64.ActiveCfg = Release|Any CPU
		{215B0F69-FAB6-402F-AEE7-7A68076605E6}.Release|x64.Build.0 = Release|Any CPU
		{215B0F69-FAB6-402F-AEE7-7A68076605E6}.Release|x86.ActiveCfg = Release|Any CPU
		{215B0F69-FAB6-402F-AEE7-7A68076605E6}.Release|x86.Build.0 = Release|Any CPU
		{15477A03-DAEF-4D18-9915-F4AF2126D423}.Debug|Any CPU.ActiveCfg = Debug|Any CPU
		{15477A03-DAEF-4D18-9915-F4AF2126D423}.Debug|Any CPU.Build.0 = Debug|Any CPU
		{15477A03-DAEF-4D18-9915-F4AF2126D423}.Debug|x64.ActiveCfg = Debug|Any CPU
		{15477A03-DAEF-4D18-9915-F4AF2126D423}.Debug|x64.Build.0 = Debug|Any CPU
		{15477A03-DAEF-4D18-9915-F4AF2126D423}.Debug|x86.ActiveCfg = Debug|Any CPU
		{15477A03-DAEF-4D18-9915-F4AF2126D423}.Debug|x86.Build.0 = Debug|Any CPU
		{15477A03-DAEF-4D18-9915-F4AF2126D423}.Release|Any CPU.ActiveCfg = Release|Any CPU
		{15477A03-DAEF-4D18-9915-F4AF2126D423}.Release|Any CPU.Build.0 = Release|Any CPU
		{15477A03-DAEF-4D18-9915-F4AF2126D423}.Release|x64.ActiveCfg = Release|Any CPU
		{15477A03-DAEF-4D18-9915-F4AF2126D423}.Release|x64.Build.0 = Release|Any CPU
		{15477A03-DAEF-4D18-9915-F4AF2126D423}.Release|x86.ActiveCfg = Release|Any CPU
		{15477A03-DAEF-4D18-9915-F4AF2126D423}.Release|x86.Build.0 = Release|Any CPU
		{A7EE4E71-3D2B-469D-9E4E-552D9F81E459}.Debug|Any CPU.ActiveCfg = Debug|Any CPU
		{A7EE4E71-3D2B-469D-9E4E-552D9F81E459}.Debug|Any CPU.Build.0 = Debug|Any CPU
		{A7EE4E71-3D2B-469D-9E4E-552D9F81E459}.Debug|x64.ActiveCfg = Debug|Any CPU
		{A7EE4E71-3D2B-469D-9E4E-552D9F81E459}.Debug|x64.Build.0 = Debug|Any CPU
		{A7EE4E71-3D2B-469D-9E4E-552D9F81E459}.Debug|x86.ActiveCfg = Debug|Any CPU
		{A7EE4E71-3D2B-469D-9E4E-552D9F81E459}.Debug|x86.Build.0 = Debug|Any CPU
		{A7EE4E71-3D2B-469D-9E4E-552D9F81E459}.Release|Any CPU.ActiveCfg = Release|Any CPU
		{A7EE4E71-3D2B-469D-9E4E-552D9F81E459}.Release|Any CPU.Build.0 = Release|Any CPU
		{A7EE4E71-3D2B-469D-9E4E-552D9F81E459}.Release|x64.ActiveCfg = Release|Any CPU
		{A7EE4E71-3D2B-469D-9E4E-552D9F81E459}.Release|x64.Build.0 = Release|Any CPU
		{A7EE4E71-3D2B-469D-9E4E-552D9F81E459}.Release|x86.ActiveCfg = Release|Any CPU
		{A7EE4E71-3D2B-469D-9E4E-552D9F81E459}.Release|x86.Build.0 = Release|Any CPU
		{8C1CF325-B2E8-44EB-930D-210ABCFE505F}.Debug|Any CPU.ActiveCfg = Debug|Any CPU
		{8C1CF325-B2E8-44EB-930D-210ABCFE505F}.Debug|Any CPU.Build.0 = Debug|Any CPU
		{8C1CF325-B2E8-44EB-930D-210ABCFE505F}.Debug|x64.ActiveCfg = Debug|Any CPU
		{8C1CF325-B2E8-44EB-930D-210ABCFE505F}.Debug|x64.Build.0 = Debug|Any CPU
		{8C1CF325-B2E8-44EB-930D-210ABCFE505F}.Debug|x86.ActiveCfg = Debug|Any CPU
		{8C1CF325-B2E8-44EB-930D-210ABCFE505F}.Debug|x86.Build.0 = Debug|Any CPU
		{8C1CF325-B2E8-44EB-930D-210ABCFE505F}.Release|Any CPU.ActiveCfg = Release|Any CPU
		{8C1CF325-B2E8-44EB-930D-210ABCFE505F}.Release|Any CPU.Build.0 = Release|Any CPU
		{8C1CF325-B2E8-44EB-930D-210ABCFE505F}.Release|x64.ActiveCfg = Release|Any CPU
		{8C1CF325-B2E8-44EB-930D-210ABCFE505F}.Release|x64.Build.0 = Release|Any CPU
		{8C1CF325-B2E8-44EB-930D-210ABCFE505F}.Release|x86.ActiveCfg = Release|Any CPU
		{8C1CF325-B2E8-44EB-930D-210ABCFE505F}.Release|x86.Build.0 = Release|Any CPU
		{B1301BA6-9693-41B7-98E4-D879299CA781}.Debug|Any CPU.ActiveCfg = Debug|Any CPU
		{B1301BA6-9693-41B7-98E4-D879299CA781}.Debug|Any CPU.Build.0 = Debug|Any CPU
		{B1301BA6-9693-41B7-98E4-D879299CA781}.Debug|x64.ActiveCfg = Debug|Any CPU
		{B1301BA6-9693-41B7-98E4-D879299CA781}.Debug|x64.Build.0 = Debug|Any CPU
		{B1301BA6-9693-41B7-98E4-D879299CA781}.Debug|x86.ActiveCfg = Debug|Any CPU
		{B1301BA6-9693-41B7-98E4-D879299CA781}.Debug|x86.Build.0 = Debug|Any CPU
		{B1301BA6-9693-41B7-98E4-D879299CA781}.Release|Any CPU.ActiveCfg = Release|Any CPU
		{B1301BA6-9693-41B7-98E4-D879299CA781}.Release|Any CPU.Build.0 = Release|Any CPU
		{B1301BA6-9693-41B7-98E4-D879299CA781}.Release|x64.ActiveCfg = Release|Any CPU
		{B1301BA6-9693-41B7-98E4-D879299CA781}.Release|x64.Build.0 = Release|Any CPU
		{B1301BA6-9693-41B7-98E4-D879299CA781}.Release|x86.ActiveCfg = Release|Any CPU
		{B1301BA6-9693-41B7-98E4-D879299CA781}.Release|x86.Build.0 = Release|Any CPU
		{AFA0961A-CEA1-49FF-812A-8B166B34AF6C}.Debug|Any CPU.ActiveCfg = Debug|Any CPU
		{AFA0961A-CEA1-49FF-812A-8B166B34AF6C}.Debug|Any CPU.Build.0 = Debug|Any CPU
		{AFA0961A-CEA1-49FF-812A-8B166B34AF6C}.Debug|x64.ActiveCfg = Debug|Any CPU
		{AFA0961A-CEA1-49FF-812A-8B166B34AF6C}.Debug|x64.Build.0 = Debug|Any CPU
		{AFA0961A-CEA1-49FF-812A-8B166B34AF6C}.Debug|x86.ActiveCfg = Debug|Any CPU
		{AFA0961A-CEA1-49FF-812A-8B166B34AF6C}.Debug|x86.Build.0 = Debug|Any CPU
		{AFA0961A-CEA1-49FF-812A-8B166B34AF6C}.Release|Any CPU.ActiveCfg = Release|Any CPU
		{AFA0961A-CEA1-49FF-812A-8B166B34AF6C}.Release|Any CPU.Build.0 = Release|Any CPU
		{AFA0961A-CEA1-49FF-812A-8B166B34AF6C}.Release|x64.ActiveCfg = Release|Any CPU
		{AFA0961A-CEA1-49FF-812A-8B166B34AF6C}.Release|x64.Build.0 = Release|Any CPU
		{AFA0961A-CEA1-49FF-812A-8B166B34AF6C}.Release|x86.ActiveCfg = Release|Any CPU
		{AFA0961A-CEA1-49FF-812A-8B166B34AF6C}.Release|x86.Build.0 = Release|Any CPU
		{1E084712-9A9F-4635-9B47-E4BAD924175B}.Debug|Any CPU.ActiveCfg = Debug|Any CPU
		{1E084712-9A9F-4635-9B47-E4BAD924175B}.Debug|Any CPU.Build.0 = Debug|Any CPU
		{1E084712-9A9F-4635-9B47-E4BAD924175B}.Debug|x64.ActiveCfg = Debug|Any CPU
		{1E084712-9A9F-4635-9B47-E4BAD924175B}.Debug|x64.Build.0 = Debug|Any CPU
		{1E084712-9A9F-4635-9B47-E4BAD924175B}.Debug|x86.ActiveCfg = Debug|Any CPU
		{1E084712-9A9F-4635-9B47-E4BAD924175B}.Debug|x86.Build.0 = Debug|Any CPU
		{1E084712-9A9F-4635-9B47-E4BAD924175B}.Release|Any CPU.ActiveCfg = Release|Any CPU
		{1E084712-9A9F-4635-9B47-E4BAD924175B}.Release|Any CPU.Build.0 = Release|Any CPU
		{1E084712-9A9F-4635-9B47-E4BAD924175B}.Release|x64.ActiveCfg = Release|Any CPU
		{1E084712-9A9F-4635-9B47-E4BAD924175B}.Release|x64.Build.0 = Release|Any CPU
		{1E084712-9A9F-4635-9B47-E4BAD924175B}.Release|x86.ActiveCfg = Release|Any CPU
		{1E084712-9A9F-4635-9B47-E4BAD924175B}.Release|x86.Build.0 = Release|Any CPU
		{AD1EE352-CBED-43DF-999B-5F1AFFE7CACB}.Debug|Any CPU.ActiveCfg = Debug|Any CPU
		{AD1EE352-CBED-43DF-999B-5F1AFFE7CACB}.Debug|Any CPU.Build.0 = Debug|Any CPU
		{AD1EE352-CBED-43DF-999B-5F1AFFE7CACB}.Debug|x64.ActiveCfg = Debug|Any CPU
		{AD1EE352-CBED-43DF-999B-5F1AFFE7CACB}.Debug|x64.Build.0 = Debug|Any CPU
		{AD1EE352-CBED-43DF-999B-5F1AFFE7CACB}.Debug|x86.ActiveCfg = Debug|Any CPU
		{AD1EE352-CBED-43DF-999B-5F1AFFE7CACB}.Debug|x86.Build.0 = Debug|Any CPU
		{AD1EE352-CBED-43DF-999B-5F1AFFE7CACB}.Release|Any CPU.ActiveCfg = Release|Any CPU
		{AD1EE352-CBED-43DF-999B-5F1AFFE7CACB}.Release|Any CPU.Build.0 = Release|Any CPU
		{AD1EE352-CBED-43DF-999B-5F1AFFE7CACB}.Release|x64.ActiveCfg = Release|Any CPU
		{AD1EE352-CBED-43DF-999B-5F1AFFE7CACB}.Release|x64.Build.0 = Release|Any CPU
		{AD1EE352-CBED-43DF-999B-5F1AFFE7CACB}.Release|x86.ActiveCfg = Release|Any CPU
		{AD1EE352-CBED-43DF-999B-5F1AFFE7CACB}.Release|x86.Build.0 = Release|Any CPU
		{E7197407-ECD1-4BB9-83DE-CCD56DA9F114}.Debug|Any CPU.ActiveCfg = Debug|Any CPU
		{E7197407-ECD1-4BB9-83DE-CCD56DA9F114}.Debug|Any CPU.Build.0 = Debug|Any CPU
		{E7197407-ECD1-4BB9-83DE-CCD56DA9F114}.Debug|x64.ActiveCfg = Debug|Any CPU
		{E7197407-ECD1-4BB9-83DE-CCD56DA9F114}.Debug|x64.Build.0 = Debug|Any CPU
		{E7197407-ECD1-4BB9-83DE-CCD56DA9F114}.Debug|x86.ActiveCfg = Debug|Any CPU
		{E7197407-ECD1-4BB9-83DE-CCD56DA9F114}.Debug|x86.Build.0 = Debug|Any CPU
		{E7197407-ECD1-4BB9-83DE-CCD56DA9F114}.Release|Any CPU.ActiveCfg = Release|Any CPU
		{E7197407-ECD1-4BB9-83DE-CCD56DA9F114}.Release|Any CPU.Build.0 = Release|Any CPU
		{E7197407-ECD1-4BB9-83DE-CCD56DA9F114}.Release|x64.ActiveCfg = Release|Any CPU
		{E7197407-ECD1-4BB9-83DE-CCD56DA9F114}.Release|x64.Build.0 = Release|Any CPU
		{E7197407-ECD1-4BB9-83DE-CCD56DA9F114}.Release|x86.ActiveCfg = Release|Any CPU
		{E7197407-ECD1-4BB9-83DE-CCD56DA9F114}.Release|x86.Build.0 = Release|Any CPU
		{037DE041-C2C3-4355-B37D-848BB14F81AC}.Debug|Any CPU.ActiveCfg = Debug|Any CPU
		{037DE041-C2C3-4355-B37D-848BB14F81AC}.Debug|Any CPU.Build.0 = Debug|Any CPU
		{037DE041-C2C3-4355-B37D-848BB14F81AC}.Debug|x64.ActiveCfg = Debug|Any CPU
		{037DE041-C2C3-4355-B37D-848BB14F81AC}.Debug|x64.Build.0 = Debug|Any CPU
		{037DE041-C2C3-4355-B37D-848BB14F81AC}.Debug|x86.ActiveCfg = Debug|Any CPU
		{037DE041-C2C3-4355-B37D-848BB14F81AC}.Debug|x86.Build.0 = Debug|Any CPU
		{037DE041-C2C3-4355-B37D-848BB14F81AC}.Release|Any CPU.ActiveCfg = Release|Any CPU
		{037DE041-C2C3-4355-B37D-848BB14F81AC}.Release|Any CPU.Build.0 = Release|Any CPU
		{037DE041-C2C3-4355-B37D-848BB14F81AC}.Release|x64.ActiveCfg = Release|Any CPU
		{037DE041-C2C3-4355-B37D-848BB14F81AC}.Release|x64.Build.0 = Release|Any CPU
		{037DE041-C2C3-4355-B37D-848BB14F81AC}.Release|x86.ActiveCfg = Release|Any CPU
		{037DE041-C2C3-4355-B37D-848BB14F81AC}.Release|x86.Build.0 = Release|Any CPU
		{40774592-A7CB-42F8-9A67-F3CDF85918F8}.Debug|Any CPU.ActiveCfg = Debug|Any CPU
		{40774592-A7CB-42F8-9A67-F3CDF85918F8}.Debug|Any CPU.Build.0 = Debug|Any CPU
		{40774592-A7CB-42F8-9A67-F3CDF85918F8}.Debug|x64.ActiveCfg = Debug|Any CPU
		{40774592-A7CB-42F8-9A67-F3CDF85918F8}.Debug|x64.Build.0 = Debug|Any CPU
		{40774592-A7CB-42F8-9A67-F3CDF85918F8}.Debug|x86.ActiveCfg = Debug|Any CPU
		{40774592-A7CB-42F8-9A67-F3CDF85918F8}.Debug|x86.Build.0 = Debug|Any CPU
		{40774592-A7CB-42F8-9A67-F3CDF85918F8}.Release|Any CPU.ActiveCfg = Release|Any CPU
		{40774592-A7CB-42F8-9A67-F3CDF85918F8}.Release|Any CPU.Build.0 = Release|Any CPU
		{40774592-A7CB-42F8-9A67-F3CDF85918F8}.Release|x64.ActiveCfg = Release|Any CPU
		{40774592-A7CB-42F8-9A67-F3CDF85918F8}.Release|x64.Build.0 = Release|Any CPU
		{40774592-A7CB-42F8-9A67-F3CDF85918F8}.Release|x86.ActiveCfg = Release|Any CPU
		{40774592-A7CB-42F8-9A67-F3CDF85918F8}.Release|x86.Build.0 = Release|Any CPU
		{6A302542-4EB4-4E80-BBF7-0B2235AF2873}.Debug|Any CPU.ActiveCfg = Debug|Any CPU
		{6A302542-4EB4-4E80-BBF7-0B2235AF2873}.Debug|Any CPU.Build.0 = Debug|Any CPU
		{6A302542-4EB4-4E80-BBF7-0B2235AF2873}.Debug|x64.ActiveCfg = Debug|Any CPU
		{6A302542-4EB4-4E80-BBF7-0B2235AF2873}.Debug|x64.Build.0 = Debug|Any CPU
		{6A302542-4EB4-4E80-BBF7-0B2235AF2873}.Debug|x86.ActiveCfg = Debug|Any CPU
		{6A302542-4EB4-4E80-BBF7-0B2235AF2873}.Debug|x86.Build.0 = Debug|Any CPU
		{6A302542-4EB4-4E80-BBF7-0B2235AF2873}.Release|Any CPU.ActiveCfg = Release|Any CPU
		{6A302542-4EB4-4E80-BBF7-0B2235AF2873}.Release|Any CPU.Build.0 = Release|Any CPU
		{6A302542-4EB4-4E80-BBF7-0B2235AF2873}.Release|x64.ActiveCfg = Release|Any CPU
		{6A302542-4EB4-4E80-BBF7-0B2235AF2873}.Release|x64.Build.0 = Release|Any CPU
		{6A302542-4EB4-4E80-BBF7-0B2235AF2873}.Release|x86.ActiveCfg = Release|Any CPU
		{6A302542-4EB4-4E80-BBF7-0B2235AF2873}.Release|x86.Build.0 = Release|Any CPU
		{413FDF9E-D3B8-4060-B047-ADF5DF7674D3}.Debug|Any CPU.ActiveCfg = Debug|Any CPU
		{413FDF9E-D3B8-4060-B047-ADF5DF7674D3}.Debug|Any CPU.Build.0 = Debug|Any CPU
		{413FDF9E-D3B8-4060-B047-ADF5DF7674D3}.Debug|x64.ActiveCfg = Debug|Any CPU
		{413FDF9E-D3B8-4060-B047-ADF5DF7674D3}.Debug|x64.Build.0 = Debug|Any CPU
		{413FDF9E-D3B8-4060-B047-ADF5DF7674D3}.Debug|x86.ActiveCfg = Debug|Any CPU
		{413FDF9E-D3B8-4060-B047-ADF5DF7674D3}.Debug|x86.Build.0 = Debug|Any CPU
		{413FDF9E-D3B8-4060-B047-ADF5DF7674D3}.Release|Any CPU.ActiveCfg = Release|Any CPU
		{413FDF9E-D3B8-4060-B047-ADF5DF7674D3}.Release|Any CPU.Build.0 = Release|Any CPU
		{413FDF9E-D3B8-4060-B047-ADF5DF7674D3}.Release|x64.ActiveCfg = Release|Any CPU
		{413FDF9E-D3B8-4060-B047-ADF5DF7674D3}.Release|x64.Build.0 = Release|Any CPU
		{413FDF9E-D3B8-4060-B047-ADF5DF7674D3}.Release|x86.ActiveCfg = Release|Any CPU
		{413FDF9E-D3B8-4060-B047-ADF5DF7674D3}.Release|x86.Build.0 = Release|Any CPU
		{30667250-0A0C-427D-8EEB-70DE3201AFF0}.Debug|Any CPU.ActiveCfg = Debug|Any CPU
		{30667250-0A0C-427D-8EEB-70DE3201AFF0}.Debug|Any CPU.Build.0 = Debug|Any CPU
		{30667250-0A0C-427D-8EEB-70DE3201AFF0}.Debug|x64.ActiveCfg = Debug|Any CPU
		{30667250-0A0C-427D-8EEB-70DE3201AFF0}.Debug|x64.Build.0 = Debug|Any CPU
		{30667250-0A0C-427D-8EEB-70DE3201AFF0}.Debug|x86.ActiveCfg = Debug|Any CPU
		{30667250-0A0C-427D-8EEB-70DE3201AFF0}.Debug|x86.Build.0 = Debug|Any CPU
		{30667250-0A0C-427D-8EEB-70DE3201AFF0}.Release|Any CPU.ActiveCfg = Release|Any CPU
		{30667250-0A0C-427D-8EEB-70DE3201AFF0}.Release|Any CPU.Build.0 = Release|Any CPU
		{30667250-0A0C-427D-8EEB-70DE3201AFF0}.Release|x64.ActiveCfg = Release|Any CPU
		{30667250-0A0C-427D-8EEB-70DE3201AFF0}.Release|x64.Build.0 = Release|Any CPU
		{30667250-0A0C-427D-8EEB-70DE3201AFF0}.Release|x86.ActiveCfg = Release|Any CPU
		{30667250-0A0C-427D-8EEB-70DE3201AFF0}.Release|x86.Build.0 = Release|Any CPU
		{62636D0B-B120-4889-92A2-07E95B72F039}.Debug|Any CPU.ActiveCfg = Debug|Any CPU
		{62636D0B-B120-4889-92A2-07E95B72F039}.Debug|Any CPU.Build.0 = Debug|Any CPU
		{62636D0B-B120-4889-92A2-07E95B72F039}.Debug|x64.ActiveCfg = Debug|Any CPU
		{62636D0B-B120-4889-92A2-07E95B72F039}.Debug|x64.Build.0 = Debug|Any CPU
		{62636D0B-B120-4889-92A2-07E95B72F039}.Debug|x86.ActiveCfg = Debug|Any CPU
		{62636D0B-B120-4889-92A2-07E95B72F039}.Debug|x86.Build.0 = Debug|Any CPU
		{62636D0B-B120-4889-92A2-07E95B72F039}.Release|Any CPU.ActiveCfg = Release|Any CPU
		{62636D0B-B120-4889-92A2-07E95B72F039}.Release|Any CPU.Build.0 = Release|Any CPU
		{62636D0B-B120-4889-92A2-07E95B72F039}.Release|x64.ActiveCfg = Release|Any CPU
		{62636D0B-B120-4889-92A2-07E95B72F039}.Release|x64.Build.0 = Release|Any CPU
		{62636D0B-B120-4889-92A2-07E95B72F039}.Release|x86.ActiveCfg = Release|Any CPU
		{62636D0B-B120-4889-92A2-07E95B72F039}.Release|x86.Build.0 = Release|Any CPU
		{0205606B-8D46-49CE-91F9-937209F4206E}.Debug|Any CPU.ActiveCfg = Debug|Any CPU
		{0205606B-8D46-49CE-91F9-937209F4206E}.Debug|Any CPU.Build.0 = Debug|Any CPU
		{0205606B-8D46-49CE-91F9-937209F4206E}.Debug|x64.ActiveCfg = Debug|Any CPU
		{0205606B-8D46-49CE-91F9-937209F4206E}.Debug|x64.Build.0 = Debug|Any CPU
		{0205606B-8D46-49CE-91F9-937209F4206E}.Debug|x86.ActiveCfg = Debug|Any CPU
		{0205606B-8D46-49CE-91F9-937209F4206E}.Debug|x86.Build.0 = Debug|Any CPU
		{0205606B-8D46-49CE-91F9-937209F4206E}.Release|Any CPU.ActiveCfg = Release|Any CPU
		{0205606B-8D46-49CE-91F9-937209F4206E}.Release|Any CPU.Build.0 = Release|Any CPU
		{0205606B-8D46-49CE-91F9-937209F4206E}.Release|x64.ActiveCfg = Release|Any CPU
		{0205606B-8D46-49CE-91F9-937209F4206E}.Release|x64.Build.0 = Release|Any CPU
		{0205606B-8D46-49CE-91F9-937209F4206E}.Release|x86.ActiveCfg = Release|Any CPU
		{0205606B-8D46-49CE-91F9-937209F4206E}.Release|x86.Build.0 = Release|Any CPU
		{B73ECE12-4DFE-4B2D-B79E-7E96169F59E2}.Debug|Any CPU.ActiveCfg = Debug|Any CPU
		{B73ECE12-4DFE-4B2D-B79E-7E96169F59E2}.Debug|Any CPU.Build.0 = Debug|Any CPU
		{B73ECE12-4DFE-4B2D-B79E-7E96169F59E2}.Debug|x64.ActiveCfg = Debug|Any CPU
		{B73ECE12-4DFE-4B2D-B79E-7E96169F59E2}.Debug|x64.Build.0 = Debug|Any CPU
		{B73ECE12-4DFE-4B2D-B79E-7E96169F59E2}.Debug|x86.ActiveCfg = Debug|Any CPU
		{B73ECE12-4DFE-4B2D-B79E-7E96169F59E2}.Debug|x86.Build.0 = Debug|Any CPU
		{B73ECE12-4DFE-4B2D-B79E-7E96169F59E2}.Release|Any CPU.ActiveCfg = Release|Any CPU
		{B73ECE12-4DFE-4B2D-B79E-7E96169F59E2}.Release|Any CPU.Build.0 = Release|Any CPU
		{B73ECE12-4DFE-4B2D-B79E-7E96169F59E2}.Release|x64.ActiveCfg = Release|Any CPU
		{B73ECE12-4DFE-4B2D-B79E-7E96169F59E2}.Release|x64.Build.0 = Release|Any CPU
		{B73ECE12-4DFE-4B2D-B79E-7E96169F59E2}.Release|x86.ActiveCfg = Release|Any CPU
		{B73ECE12-4DFE-4B2D-B79E-7E96169F59E2}.Release|x86.Build.0 = Release|Any CPU
		{86FA0447-5E15-4758-8D1C-8AB413CF0097}.Debug|Any CPU.ActiveCfg = Debug|Any CPU
		{86FA0447-5E15-4758-8D1C-8AB413CF0097}.Debug|Any CPU.Build.0 = Debug|Any CPU
		{86FA0447-5E15-4758-8D1C-8AB413CF0097}.Debug|x64.ActiveCfg = Debug|Any CPU
		{86FA0447-5E15-4758-8D1C-8AB413CF0097}.Debug|x64.Build.0 = Debug|Any CPU
		{86FA0447-5E15-4758-8D1C-8AB413CF0097}.Debug|x86.ActiveCfg = Debug|Any CPU
		{86FA0447-5E15-4758-8D1C-8AB413CF0097}.Debug|x86.Build.0 = Debug|Any CPU
		{86FA0447-5E15-4758-8D1C-8AB413CF0097}.Release|Any CPU.ActiveCfg = Release|Any CPU
		{86FA0447-5E15-4758-8D1C-8AB413CF0097}.Release|Any CPU.Build.0 = Release|Any CPU
		{86FA0447-5E15-4758-8D1C-8AB413CF0097}.Release|x64.ActiveCfg = Release|Any CPU
		{86FA0447-5E15-4758-8D1C-8AB413CF0097}.Release|x64.Build.0 = Release|Any CPU
		{86FA0447-5E15-4758-8D1C-8AB413CF0097}.Release|x86.ActiveCfg = Release|Any CPU
		{86FA0447-5E15-4758-8D1C-8AB413CF0097}.Release|x86.Build.0 = Release|Any CPU
		{78B22006-0BC7-4F30-990D-2F1B06FC23B4}.Debug|Any CPU.ActiveCfg = Debug|Any CPU
		{78B22006-0BC7-4F30-990D-2F1B06FC23B4}.Debug|Any CPU.Build.0 = Debug|Any CPU
		{78B22006-0BC7-4F30-990D-2F1B06FC23B4}.Debug|x64.ActiveCfg = Debug|Any CPU
		{78B22006-0BC7-4F30-990D-2F1B06FC23B4}.Debug|x64.Build.0 = Debug|Any CPU
		{78B22006-0BC7-4F30-990D-2F1B06FC23B4}.Debug|x86.ActiveCfg = Debug|Any CPU
		{78B22006-0BC7-4F30-990D-2F1B06FC23B4}.Debug|x86.Build.0 = Debug|Any CPU
		{78B22006-0BC7-4F30-990D-2F1B06FC23B4}.Release|Any CPU.ActiveCfg = Release|Any CPU
		{78B22006-0BC7-4F30-990D-2F1B06FC23B4}.Release|Any CPU.Build.0 = Release|Any CPU
		{78B22006-0BC7-4F30-990D-2F1B06FC23B4}.Release|x64.ActiveCfg = Release|Any CPU
		{78B22006-0BC7-4F30-990D-2F1B06FC23B4}.Release|x64.Build.0 = Release|Any CPU
		{78B22006-0BC7-4F30-990D-2F1B06FC23B4}.Release|x86.ActiveCfg = Release|Any CPU
		{78B22006-0BC7-4F30-990D-2F1B06FC23B4}.Release|x86.Build.0 = Release|Any CPU
		{66D22EE5-D153-4248-87B5-F3D4D86DC1F8}.Debug|Any CPU.ActiveCfg = Debug|Any CPU
		{66D22EE5-D153-4248-87B5-F3D4D86DC1F8}.Debug|Any CPU.Build.0 = Debug|Any CPU
		{66D22EE5-D153-4248-87B5-F3D4D86DC1F8}.Debug|x64.ActiveCfg = Debug|Any CPU
		{66D22EE5-D153-4248-87B5-F3D4D86DC1F8}.Debug|x64.Build.0 = Debug|Any CPU
		{66D22EE5-D153-4248-87B5-F3D4D86DC1F8}.Debug|x86.ActiveCfg = Debug|Any CPU
		{66D22EE5-D153-4248-87B5-F3D4D86DC1F8}.Debug|x86.Build.0 = Debug|Any CPU
		{66D22EE5-D153-4248-87B5-F3D4D86DC1F8}.Release|Any CPU.ActiveCfg = Release|Any CPU
		{66D22EE5-D153-4248-87B5-F3D4D86DC1F8}.Release|Any CPU.Build.0 = Release|Any CPU
		{66D22EE5-D153-4248-87B5-F3D4D86DC1F8}.Release|x64.ActiveCfg = Release|Any CPU
		{66D22EE5-D153-4248-87B5-F3D4D86DC1F8}.Release|x64.Build.0 = Release|Any CPU
		{66D22EE5-D153-4248-87B5-F3D4D86DC1F8}.Release|x86.ActiveCfg = Release|Any CPU
		{66D22EE5-D153-4248-87B5-F3D4D86DC1F8}.Release|x86.Build.0 = Release|Any CPU
		{B9ADE812-6919-4B86-BD1C-0123DBB95FCB}.Debug|Any CPU.ActiveCfg = Debug|Any CPU
		{B9ADE812-6919-4B86-BD1C-0123DBB95FCB}.Debug|Any CPU.Build.0 = Debug|Any CPU
		{B9ADE812-6919-4B86-BD1C-0123DBB95FCB}.Debug|x64.ActiveCfg = Debug|Any CPU
		{B9ADE812-6919-4B86-BD1C-0123DBB95FCB}.Debug|x64.Build.0 = Debug|Any CPU
		{B9ADE812-6919-4B86-BD1C-0123DBB95FCB}.Debug|x86.ActiveCfg = Debug|Any CPU
		{B9ADE812-6919-4B86-BD1C-0123DBB95FCB}.Debug|x86.Build.0 = Debug|Any CPU
		{B9ADE812-6919-4B86-BD1C-0123DBB95FCB}.Release|Any CPU.ActiveCfg = Release|Any CPU
		{B9ADE812-6919-4B86-BD1C-0123DBB95FCB}.Release|Any CPU.Build.0 = Release|Any CPU
		{B9ADE812-6919-4B86-BD1C-0123DBB95FCB}.Release|x64.ActiveCfg = Release|Any CPU
		{B9ADE812-6919-4B86-BD1C-0123DBB95FCB}.Release|x64.Build.0 = Release|Any CPU
		{B9ADE812-6919-4B86-BD1C-0123DBB95FCB}.Release|x86.ActiveCfg = Release|Any CPU
		{B9ADE812-6919-4B86-BD1C-0123DBB95FCB}.Release|x86.Build.0 = Release|Any CPU
		{8D3A03B6-B4FC-4658-B488-8388E2D15CE4}.Debug|Any CPU.ActiveCfg = Debug|Any CPU
		{8D3A03B6-B4FC-4658-B488-8388E2D15CE4}.Debug|Any CPU.Build.0 = Debug|Any CPU
		{8D3A03B6-B4FC-4658-B488-8388E2D15CE4}.Debug|x64.ActiveCfg = Debug|Any CPU
		{8D3A03B6-B4FC-4658-B488-8388E2D15CE4}.Debug|x64.Build.0 = Debug|Any CPU
		{8D3A03B6-B4FC-4658-B488-8388E2D15CE4}.Debug|x86.ActiveCfg = Debug|Any CPU
		{8D3A03B6-B4FC-4658-B488-8388E2D15CE4}.Debug|x86.Build.0 = Debug|Any CPU
		{8D3A03B6-B4FC-4658-B488-8388E2D15CE4}.Release|Any CPU.ActiveCfg = Release|Any CPU
		{8D3A03B6-B4FC-4658-B488-8388E2D15CE4}.Release|Any CPU.Build.0 = Release|Any CPU
		{8D3A03B6-B4FC-4658-B488-8388E2D15CE4}.Release|x64.ActiveCfg = Release|Any CPU
		{8D3A03B6-B4FC-4658-B488-8388E2D15CE4}.Release|x64.Build.0 = Release|Any CPU
		{8D3A03B6-B4FC-4658-B488-8388E2D15CE4}.Release|x86.ActiveCfg = Release|Any CPU
		{8D3A03B6-B4FC-4658-B488-8388E2D15CE4}.Release|x86.Build.0 = Release|Any CPU
		{CB185812-DEAD-4E84-8F69-C2570E3DA38A}.Debug|Any CPU.ActiveCfg = Debug|Any CPU
		{CB185812-DEAD-4E84-8F69-C2570E3DA38A}.Debug|Any CPU.Build.0 = Debug|Any CPU
		{CB185812-DEAD-4E84-8F69-C2570E3DA38A}.Debug|x64.ActiveCfg = Debug|Any CPU
		{CB185812-DEAD-4E84-8F69-C2570E3DA38A}.Debug|x64.Build.0 = Debug|Any CPU
		{CB185812-DEAD-4E84-8F69-C2570E3DA38A}.Debug|x86.ActiveCfg = Debug|Any CPU
		{CB185812-DEAD-4E84-8F69-C2570E3DA38A}.Debug|x86.Build.0 = Debug|Any CPU
		{CB185812-DEAD-4E84-8F69-C2570E3DA38A}.Release|Any CPU.ActiveCfg = Release|Any CPU
		{CB185812-DEAD-4E84-8F69-C2570E3DA38A}.Release|Any CPU.Build.0 = Release|Any CPU
		{CB185812-DEAD-4E84-8F69-C2570E3DA38A}.Release|x64.ActiveCfg = Release|Any CPU
		{CB185812-DEAD-4E84-8F69-C2570E3DA38A}.Release|x64.Build.0 = Release|Any CPU
		{CB185812-DEAD-4E84-8F69-C2570E3DA38A}.Release|x86.ActiveCfg = Release|Any CPU
		{CB185812-DEAD-4E84-8F69-C2570E3DA38A}.Release|x86.Build.0 = Release|Any CPU
		{821D505F-6EAC-4C7D-8A4E-5D5CA44A8977}.Debug|Any CPU.ActiveCfg = Debug|Any CPU
		{821D505F-6EAC-4C7D-8A4E-5D5CA44A8977}.Debug|Any CPU.Build.0 = Debug|Any CPU
		{821D505F-6EAC-4C7D-8A4E-5D5CA44A8977}.Debug|x64.ActiveCfg = Debug|Any CPU
		{821D505F-6EAC-4C7D-8A4E-5D5CA44A8977}.Debug|x64.Build.0 = Debug|Any CPU
		{821D505F-6EAC-4C7D-8A4E-5D5CA44A8977}.Debug|x86.ActiveCfg = Debug|Any CPU
		{821D505F-6EAC-4C7D-8A4E-5D5CA44A8977}.Debug|x86.Build.0 = Debug|Any CPU
		{821D505F-6EAC-4C7D-8A4E-5D5CA44A8977}.Release|Any CPU.ActiveCfg = Release|Any CPU
		{821D505F-6EAC-4C7D-8A4E-5D5CA44A8977}.Release|Any CPU.Build.0 = Release|Any CPU
		{821D505F-6EAC-4C7D-8A4E-5D5CA44A8977}.Release|x64.ActiveCfg = Release|Any CPU
		{821D505F-6EAC-4C7D-8A4E-5D5CA44A8977}.Release|x64.Build.0 = Release|Any CPU
		{821D505F-6EAC-4C7D-8A4E-5D5CA44A8977}.Release|x86.ActiveCfg = Release|Any CPU
		{821D505F-6EAC-4C7D-8A4E-5D5CA44A8977}.Release|x86.Build.0 = Release|Any CPU
		{B0BAB9D3-0889-41C3-9238-59E1C93EE721}.Debug|Any CPU.ActiveCfg = Debug|Any CPU
		{B0BAB9D3-0889-41C3-9238-59E1C93EE721}.Debug|Any CPU.Build.0 = Debug|Any CPU
		{B0BAB9D3-0889-41C3-9238-59E1C93EE721}.Debug|x64.ActiveCfg = Debug|Any CPU
		{B0BAB9D3-0889-41C3-9238-59E1C93EE721}.Debug|x64.Build.0 = Debug|Any CPU
		{B0BAB9D3-0889-41C3-9238-59E1C93EE721}.Debug|x86.ActiveCfg = Debug|Any CPU
		{B0BAB9D3-0889-41C3-9238-59E1C93EE721}.Debug|x86.Build.0 = Debug|Any CPU
		{B0BAB9D3-0889-41C3-9238-59E1C93EE721}.Release|Any CPU.ActiveCfg = Release|Any CPU
		{B0BAB9D3-0889-41C3-9238-59E1C93EE721}.Release|Any CPU.Build.0 = Release|Any CPU
		{B0BAB9D3-0889-41C3-9238-59E1C93EE721}.Release|x64.ActiveCfg = Release|Any CPU
		{B0BAB9D3-0889-41C3-9238-59E1C93EE721}.Release|x64.Build.0 = Release|Any CPU
		{B0BAB9D3-0889-41C3-9238-59E1C93EE721}.Release|x86.ActiveCfg = Release|Any CPU
		{B0BAB9D3-0889-41C3-9238-59E1C93EE721}.Release|x86.Build.0 = Release|Any CPU
		{AF3239E1-4625-4792-8288-101D0AC13BFC}.Debug|Any CPU.ActiveCfg = Debug|Any CPU
		{AF3239E1-4625-4792-8288-101D0AC13BFC}.Debug|Any CPU.Build.0 = Debug|Any CPU
		{AF3239E1-4625-4792-8288-101D0AC13BFC}.Debug|x64.ActiveCfg = Debug|Any CPU
		{AF3239E1-4625-4792-8288-101D0AC13BFC}.Debug|x64.Build.0 = Debug|Any CPU
		{AF3239E1-4625-4792-8288-101D0AC13BFC}.Debug|x86.ActiveCfg = Debug|Any CPU
		{AF3239E1-4625-4792-8288-101D0AC13BFC}.Debug|x86.Build.0 = Debug|Any CPU
		{AF3239E1-4625-4792-8288-101D0AC13BFC}.Release|Any CPU.ActiveCfg = Release|Any CPU
		{AF3239E1-4625-4792-8288-101D0AC13BFC}.Release|Any CPU.Build.0 = Release|Any CPU
		{AF3239E1-4625-4792-8288-101D0AC13BFC}.Release|x64.ActiveCfg = Release|Any CPU
		{AF3239E1-4625-4792-8288-101D0AC13BFC}.Release|x64.Build.0 = Release|Any CPU
		{AF3239E1-4625-4792-8288-101D0AC13BFC}.Release|x86.ActiveCfg = Release|Any CPU
		{AF3239E1-4625-4792-8288-101D0AC13BFC}.Release|x86.Build.0 = Release|Any CPU
		{B87D2027-2A94-4E3A-A7D8-9F0B73F76EE1}.Debug|Any CPU.ActiveCfg = Debug|Any CPU
		{B87D2027-2A94-4E3A-A7D8-9F0B73F76EE1}.Debug|Any CPU.Build.0 = Debug|Any CPU
		{B87D2027-2A94-4E3A-A7D8-9F0B73F76EE1}.Debug|x64.ActiveCfg = Debug|Any CPU
		{B87D2027-2A94-4E3A-A7D8-9F0B73F76EE1}.Debug|x64.Build.0 = Debug|Any CPU
		{B87D2027-2A94-4E3A-A7D8-9F0B73F76EE1}.Debug|x86.ActiveCfg = Debug|Any CPU
		{B87D2027-2A94-4E3A-A7D8-9F0B73F76EE1}.Debug|x86.Build.0 = Debug|Any CPU
		{B87D2027-2A94-4E3A-A7D8-9F0B73F76EE1}.Release|Any CPU.ActiveCfg = Release|Any CPU
		{B87D2027-2A94-4E3A-A7D8-9F0B73F76EE1}.Release|Any CPU.Build.0 = Release|Any CPU
		{B87D2027-2A94-4E3A-A7D8-9F0B73F76EE1}.Release|x64.ActiveCfg = Release|Any CPU
		{B87D2027-2A94-4E3A-A7D8-9F0B73F76EE1}.Release|x64.Build.0 = Release|Any CPU
		{B87D2027-2A94-4E3A-A7D8-9F0B73F76EE1}.Release|x86.ActiveCfg = Release|Any CPU
		{B87D2027-2A94-4E3A-A7D8-9F0B73F76EE1}.Release|x86.Build.0 = Release|Any CPU
		{FDE6BDBB-B755-43A8-9528-4729826FD375}.Debug|Any CPU.ActiveCfg = Debug|Any CPU
		{FDE6BDBB-B755-43A8-9528-4729826FD375}.Debug|Any CPU.Build.0 = Debug|Any CPU
		{FDE6BDBB-B755-43A8-9528-4729826FD375}.Debug|x64.ActiveCfg = Debug|Any CPU
		{FDE6BDBB-B755-43A8-9528-4729826FD375}.Debug|x64.Build.0 = Debug|Any CPU
		{FDE6BDBB-B755-43A8-9528-4729826FD375}.Debug|x86.ActiveCfg = Debug|Any CPU
		{FDE6BDBB-B755-43A8-9528-4729826FD375}.Debug|x86.Build.0 = Debug|Any CPU
		{FDE6BDBB-B755-43A8-9528-4729826FD375}.Release|Any CPU.ActiveCfg = Release|Any CPU
		{FDE6BDBB-B755-43A8-9528-4729826FD375}.Release|Any CPU.Build.0 = Release|Any CPU
		{FDE6BDBB-B755-43A8-9528-4729826FD375}.Release|x64.ActiveCfg = Release|Any CPU
		{FDE6BDBB-B755-43A8-9528-4729826FD375}.Release|x64.Build.0 = Release|Any CPU
		{FDE6BDBB-B755-43A8-9528-4729826FD375}.Release|x86.ActiveCfg = Release|Any CPU
		{FDE6BDBB-B755-43A8-9528-4729826FD375}.Release|x86.Build.0 = Release|Any CPU
		{2692D84D-B028-496D-A417-D08489C02E4D}.Debug|Any CPU.ActiveCfg = Debug|Any CPU
		{2692D84D-B028-496D-A417-D08489C02E4D}.Debug|Any CPU.Build.0 = Debug|Any CPU
		{2692D84D-B028-496D-A417-D08489C02E4D}.Debug|x64.ActiveCfg = Debug|Any CPU
		{2692D84D-B028-496D-A417-D08489C02E4D}.Debug|x64.Build.0 = Debug|Any CPU
		{2692D84D-B028-496D-A417-D08489C02E4D}.Debug|x86.ActiveCfg = Debug|Any CPU
		{2692D84D-B028-496D-A417-D08489C02E4D}.Debug|x86.Build.0 = Debug|Any CPU
		{2692D84D-B028-496D-A417-D08489C02E4D}.Release|Any CPU.ActiveCfg = Release|Any CPU
		{2692D84D-B028-496D-A417-D08489C02E4D}.Release|Any CPU.Build.0 = Release|Any CPU
		{2692D84D-B028-496D-A417-D08489C02E4D}.Release|x64.ActiveCfg = Release|Any CPU
		{2692D84D-B028-496D-A417-D08489C02E4D}.Release|x64.Build.0 = Release|Any CPU
		{2692D84D-B028-496D-A417-D08489C02E4D}.Release|x86.ActiveCfg = Release|Any CPU
		{2692D84D-B028-496D-A417-D08489C02E4D}.Release|x86.Build.0 = Release|Any CPU
		{62F457D0-223A-4694-AC35-A855C43AEBDC}.Debug|Any CPU.ActiveCfg = Debug|Any CPU
		{62F457D0-223A-4694-AC35-A855C43AEBDC}.Debug|Any CPU.Build.0 = Debug|Any CPU
		{62F457D0-223A-4694-AC35-A855C43AEBDC}.Debug|x64.ActiveCfg = Debug|Any CPU
		{62F457D0-223A-4694-AC35-A855C43AEBDC}.Debug|x64.Build.0 = Debug|Any CPU
		{62F457D0-223A-4694-AC35-A855C43AEBDC}.Debug|x86.ActiveCfg = Debug|Any CPU
		{62F457D0-223A-4694-AC35-A855C43AEBDC}.Debug|x86.Build.0 = Debug|Any CPU
		{62F457D0-223A-4694-AC35-A855C43AEBDC}.Release|Any CPU.ActiveCfg = Release|Any CPU
		{62F457D0-223A-4694-AC35-A855C43AEBDC}.Release|Any CPU.Build.0 = Release|Any CPU
		{62F457D0-223A-4694-AC35-A855C43AEBDC}.Release|x64.ActiveCfg = Release|Any CPU
		{62F457D0-223A-4694-AC35-A855C43AEBDC}.Release|x64.Build.0 = Release|Any CPU
		{62F457D0-223A-4694-AC35-A855C43AEBDC}.Release|x86.ActiveCfg = Release|Any CPU
		{62F457D0-223A-4694-AC35-A855C43AEBDC}.Release|x86.Build.0 = Release|Any CPU
		{9B19A2C5-3784-42CC-A235-D9F7FA753F52}.Debug|Any CPU.ActiveCfg = Debug|Any CPU
		{9B19A2C5-3784-42CC-A235-D9F7FA753F52}.Debug|Any CPU.Build.0 = Debug|Any CPU
		{9B19A2C5-3784-42CC-A235-D9F7FA753F52}.Debug|x64.ActiveCfg = Debug|Any CPU
		{9B19A2C5-3784-42CC-A235-D9F7FA753F52}.Debug|x64.Build.0 = Debug|Any CPU
		{9B19A2C5-3784-42CC-A235-D9F7FA753F52}.Debug|x86.ActiveCfg = Debug|Any CPU
		{9B19A2C5-3784-42CC-A235-D9F7FA753F52}.Debug|x86.Build.0 = Debug|Any CPU
		{9B19A2C5-3784-42CC-A235-D9F7FA753F52}.Release|Any CPU.ActiveCfg = Release|Any CPU
		{9B19A2C5-3784-42CC-A235-D9F7FA753F52}.Release|Any CPU.Build.0 = Release|Any CPU
		{9B19A2C5-3784-42CC-A235-D9F7FA753F52}.Release|x64.ActiveCfg = Release|Any CPU
		{9B19A2C5-3784-42CC-A235-D9F7FA753F52}.Release|x64.Build.0 = Release|Any CPU
		{9B19A2C5-3784-42CC-A235-D9F7FA753F52}.Release|x86.ActiveCfg = Release|Any CPU
		{9B19A2C5-3784-42CC-A235-D9F7FA753F52}.Release|x86.Build.0 = Release|Any CPU
		{65A131FC-0E7A-44BD-A587-2D27D23A7D44}.Debug|Any CPU.ActiveCfg = Debug|Any CPU
		{65A131FC-0E7A-44BD-A587-2D27D23A7D44}.Debug|Any CPU.Build.0 = Debug|Any CPU
		{65A131FC-0E7A-44BD-A587-2D27D23A7D44}.Debug|x64.ActiveCfg = Debug|Any CPU
		{65A131FC-0E7A-44BD-A587-2D27D23A7D44}.Debug|x64.Build.0 = Debug|Any CPU
		{65A131FC-0E7A-44BD-A587-2D27D23A7D44}.Debug|x86.ActiveCfg = Debug|Any CPU
		{65A131FC-0E7A-44BD-A587-2D27D23A7D44}.Debug|x86.Build.0 = Debug|Any CPU
		{65A131FC-0E7A-44BD-A587-2D27D23A7D44}.Release|Any CPU.ActiveCfg = Release|Any CPU
		{65A131FC-0E7A-44BD-A587-2D27D23A7D44}.Release|Any CPU.Build.0 = Release|Any CPU
		{65A131FC-0E7A-44BD-A587-2D27D23A7D44}.Release|x64.ActiveCfg = Release|Any CPU
		{65A131FC-0E7A-44BD-A587-2D27D23A7D44}.Release|x64.Build.0 = Release|Any CPU
		{65A131FC-0E7A-44BD-A587-2D27D23A7D44}.Release|x86.ActiveCfg = Release|Any CPU
		{65A131FC-0E7A-44BD-A587-2D27D23A7D44}.Release|x86.Build.0 = Release|Any CPU
		{843B6A56-9564-4739-9E5D-D684BD6DB489}.Debug|Any CPU.ActiveCfg = Debug|Any CPU
		{843B6A56-9564-4739-9E5D-D684BD6DB489}.Debug|Any CPU.Build.0 = Debug|Any CPU
		{843B6A56-9564-4739-9E5D-D684BD6DB489}.Debug|x64.ActiveCfg = Debug|Any CPU
		{843B6A56-9564-4739-9E5D-D684BD6DB489}.Debug|x64.Build.0 = Debug|Any CPU
		{843B6A56-9564-4739-9E5D-D684BD6DB489}.Debug|x86.ActiveCfg = Debug|Any CPU
		{843B6A56-9564-4739-9E5D-D684BD6DB489}.Debug|x86.Build.0 = Debug|Any CPU
		{843B6A56-9564-4739-9E5D-D684BD6DB489}.Release|Any CPU.ActiveCfg = Release|Any CPU
		{843B6A56-9564-4739-9E5D-D684BD6DB489}.Release|Any CPU.Build.0 = Release|Any CPU
		{843B6A56-9564-4739-9E5D-D684BD6DB489}.Release|x64.ActiveCfg = Release|Any CPU
		{843B6A56-9564-4739-9E5D-D684BD6DB489}.Release|x64.Build.0 = Release|Any CPU
		{843B6A56-9564-4739-9E5D-D684BD6DB489}.Release|x86.ActiveCfg = Release|Any CPU
		{843B6A56-9564-4739-9E5D-D684BD6DB489}.Release|x86.Build.0 = Release|Any CPU
		{02458864-185B-402F-A945-E9766395EF21}.Debug|Any CPU.ActiveCfg = Debug|Any CPU
		{02458864-185B-402F-A945-E9766395EF21}.Debug|Any CPU.Build.0 = Debug|Any CPU
		{02458864-185B-402F-A945-E9766395EF21}.Debug|x64.ActiveCfg = Debug|Any CPU
		{02458864-185B-402F-A945-E9766395EF21}.Debug|x64.Build.0 = Debug|Any CPU
		{02458864-185B-402F-A945-E9766395EF21}.Debug|x86.ActiveCfg = Debug|Any CPU
		{02458864-185B-402F-A945-E9766395EF21}.Debug|x86.Build.0 = Debug|Any CPU
		{02458864-185B-402F-A945-E9766395EF21}.Release|Any CPU.ActiveCfg = Release|Any CPU
		{02458864-185B-402F-A945-E9766395EF21}.Release|Any CPU.Build.0 = Release|Any CPU
		{02458864-185B-402F-A945-E9766395EF21}.Release|x64.ActiveCfg = Release|Any CPU
		{02458864-185B-402F-A945-E9766395EF21}.Release|x64.Build.0 = Release|Any CPU
		{02458864-185B-402F-A945-E9766395EF21}.Release|x86.ActiveCfg = Release|Any CPU
		{02458864-185B-402F-A945-E9766395EF21}.Release|x86.Build.0 = Release|Any CPU
		{F2B5D2A5-AF4D-4356-A023-FA8B589DEE13}.Debug|Any CPU.ActiveCfg = Debug|Any CPU
		{F2B5D2A5-AF4D-4356-A023-FA8B589DEE13}.Debug|Any CPU.Build.0 = Debug|Any CPU
		{F2B5D2A5-AF4D-4356-A023-FA8B589DEE13}.Debug|x64.ActiveCfg = Debug|Any CPU
		{F2B5D2A5-AF4D-4356-A023-FA8B589DEE13}.Debug|x64.Build.0 = Debug|Any CPU
		{F2B5D2A5-AF4D-4356-A023-FA8B589DEE13}.Debug|x86.ActiveCfg = Debug|Any CPU
		{F2B5D2A5-AF4D-4356-A023-FA8B589DEE13}.Debug|x86.Build.0 = Debug|Any CPU
		{F2B5D2A5-AF4D-4356-A023-FA8B589DEE13}.Release|Any CPU.ActiveCfg = Release|Any CPU
		{F2B5D2A5-AF4D-4356-A023-FA8B589DEE13}.Release|Any CPU.Build.0 = Release|Any CPU
		{F2B5D2A5-AF4D-4356-A023-FA8B589DEE13}.Release|x64.ActiveCfg = Release|Any CPU
		{F2B5D2A5-AF4D-4356-A023-FA8B589DEE13}.Release|x64.Build.0 = Release|Any CPU
		{F2B5D2A5-AF4D-4356-A023-FA8B589DEE13}.Release|x86.ActiveCfg = Release|Any CPU
		{F2B5D2A5-AF4D-4356-A023-FA8B589DEE13}.Release|x86.Build.0 = Release|Any CPU
		{0DBE22B8-BB9B-46B6-BF02-8E1345989D0E}.Debug|Any CPU.ActiveCfg = Debug|Any CPU
		{0DBE22B8-BB9B-46B6-BF02-8E1345989D0E}.Debug|Any CPU.Build.0 = Debug|Any CPU
		{0DBE22B8-BB9B-46B6-BF02-8E1345989D0E}.Debug|x64.ActiveCfg = Debug|Any CPU
		{0DBE22B8-BB9B-46B6-BF02-8E1345989D0E}.Debug|x64.Build.0 = Debug|Any CPU
		{0DBE22B8-BB9B-46B6-BF02-8E1345989D0E}.Debug|x86.ActiveCfg = Debug|Any CPU
		{0DBE22B8-BB9B-46B6-BF02-8E1345989D0E}.Debug|x86.Build.0 = Debug|Any CPU
		{0DBE22B8-BB9B-46B6-BF02-8E1345989D0E}.Release|Any CPU.ActiveCfg = Release|Any CPU
		{0DBE22B8-BB9B-46B6-BF02-8E1345989D0E}.Release|Any CPU.Build.0 = Release|Any CPU
		{0DBE22B8-BB9B-46B6-BF02-8E1345989D0E}.Release|x64.ActiveCfg = Release|Any CPU
		{0DBE22B8-BB9B-46B6-BF02-8E1345989D0E}.Release|x64.Build.0 = Release|Any CPU
		{0DBE22B8-BB9B-46B6-BF02-8E1345989D0E}.Release|x86.ActiveCfg = Release|Any CPU
		{0DBE22B8-BB9B-46B6-BF02-8E1345989D0E}.Release|x86.Build.0 = Release|Any CPU
	EndGlobalSection
	GlobalSection(SolutionProperties) = preSolution
		HideSolutionNode = FALSE
	EndGlobalSection
	GlobalSection(NestedProjects) = preSolution
		{E64A6BC5-E141-4DC9-8F9B-3DCABE37EFF9} = {BC748110-6B70-4E55-AE09-684577217BD9}
		{6958A076-8D0A-433B-BBF1-6AF782E8FFD0} = {D40CE3C7-0F51-4D5D-94AD-5DBBAAB940B4}
		{113039D9-C878-4404-97FE-6E371BC6C79B} = {D183E4A6-8BB1-4E52-9B5B-8BDB7770B5C5}
		{B089A539-9AA0-4156-B8E7-CB44564EBFD1} = {BC748110-6B70-4E55-AE09-684577217BD9}
		{04B6F57B-79F0-4D94-948D-A5B06B0A63AC} = {D40CE3C7-0F51-4D5D-94AD-5DBBAAB940B4}
		{C439A91C-B618-44A4-A14C-1672094BFED8} = {BC748110-6B70-4E55-AE09-684577217BD9}
		{CCBDCF7A-06C0-4842-AB20-BCAFADB8FFFF} = {BC748110-6B70-4E55-AE09-684577217BD9}
		{A5D769B2-08A3-4FB6-8808-52E6AC23665C} = {BC748110-6B70-4E55-AE09-684577217BD9}
		{ADA01827-8218-4182-AD83-A25FC36DDD95} = {BC748110-6B70-4E55-AE09-684577217BD9}
		{431A3352-9191-40F3-BDC6-9B36AEFE8BCE} = {BC748110-6B70-4E55-AE09-684577217BD9}
		{C6F54CAC-3BCC-4ABB-852E-1EA18F3FDFB0} = {D40CE3C7-0F51-4D5D-94AD-5DBBAAB940B4}
		{76A57645-A17F-4211-8FE9-FA0C2A321D35} = {D40CE3C7-0F51-4D5D-94AD-5DBBAAB940B4}
		{09DB94B2-0FD8-429B-9073-936130C4FA03} = {D40CE3C7-0F51-4D5D-94AD-5DBBAAB940B4}
		{789DDB55-3F31-41FD-B1BF-D54EF0E46E7D} = {D40CE3C7-0F51-4D5D-94AD-5DBBAAB940B4}
		{B9A61072-E5C4-4CEA-83EA-BEEA4E1B4F05} = {D40CE3C7-0F51-4D5D-94AD-5DBBAAB940B4}
		{BCECDE18-E331-445C-A501-19B9B7D1BB3B} = {D40CE3C7-0F51-4D5D-94AD-5DBBAAB940B4}
		{C1BE90CA-7F16-470A-BF71-5B43F845DE64} = {D40CE3C7-0F51-4D5D-94AD-5DBBAAB940B4}
		{215B0F69-FAB6-402F-AEE7-7A68076605E6} = {D40CE3C7-0F51-4D5D-94AD-5DBBAAB940B4}
		{15477A03-DAEF-4D18-9915-F4AF2126D423} = {D40CE3C7-0F51-4D5D-94AD-5DBBAAB940B4}
		{A7EE4E71-3D2B-469D-9E4E-552D9F81E459} = {D40CE3C7-0F51-4D5D-94AD-5DBBAAB940B4}
		{8C1CF325-B2E8-44EB-930D-210ABCFE505F} = {D40CE3C7-0F51-4D5D-94AD-5DBBAAB940B4}
		{B1301BA6-9693-41B7-98E4-D879299CA781} = {D40CE3C7-0F51-4D5D-94AD-5DBBAAB940B4}
		{AFA0961A-CEA1-49FF-812A-8B166B34AF6C} = {D4C42A41-34F1-44C3-82EB-C91495A368B9}
		{1E084712-9A9F-4635-9B47-E4BAD924175B} = {D183E4A6-8BB1-4E52-9B5B-8BDB7770B5C5}
		{AD1EE352-CBED-43DF-999B-5F1AFFE7CACB} = {D4C42A41-34F1-44C3-82EB-C91495A368B9}
		{E7197407-ECD1-4BB9-83DE-CCD56DA9F114} = {D4C42A41-34F1-44C3-82EB-C91495A368B9}
		{037DE041-C2C3-4355-B37D-848BB14F81AC} = {D4C42A41-34F1-44C3-82EB-C91495A368B9}
		{40774592-A7CB-42F8-9A67-F3CDF85918F8} = {D4C42A41-34F1-44C3-82EB-C91495A368B9}
		{6A302542-4EB4-4E80-BBF7-0B2235AF2873} = {D183E4A6-8BB1-4E52-9B5B-8BDB7770B5C5}
		{413FDF9E-D3B8-4060-B047-ADF5DF7674D3} = {5DC3E899-B07F-4956-AD21-2B712A67456E}
		{30667250-0A0C-427D-8EEB-70DE3201AFF0} = {D183E4A6-8BB1-4E52-9B5B-8BDB7770B5C5}
		{62636D0B-B120-4889-92A2-07E95B72F039} = {37B50996-7A29-4F19-AC26-85953814B33E}
		{0205606B-8D46-49CE-91F9-937209F4206E} = {37B50996-7A29-4F19-AC26-85953814B33E}
		{B73ECE12-4DFE-4B2D-B79E-7E96169F59E2} = {37B50996-7A29-4F19-AC26-85953814B33E}
		{86FA0447-5E15-4758-8D1C-8AB413CF0097} = {37B50996-7A29-4F19-AC26-85953814B33E}
		{78B22006-0BC7-4F30-990D-2F1B06FC23B4} = {5DC3E899-B07F-4956-AD21-2B712A67456E}
		{66D22EE5-D153-4248-87B5-F3D4D86DC1F8} = {D40CE3C7-0F51-4D5D-94AD-5DBBAAB940B4}
		{B9ADE812-6919-4B86-BD1C-0123DBB95FCB} = {D40CE3C7-0F51-4D5D-94AD-5DBBAAB940B4}
		{8D3A03B6-B4FC-4658-B488-8388E2D15CE4} = {D40CE3C7-0F51-4D5D-94AD-5DBBAAB940B4}
		{CB185812-DEAD-4E84-8F69-C2570E3DA38A} = {D40CE3C7-0F51-4D5D-94AD-5DBBAAB940B4}
		{821D505F-6EAC-4C7D-8A4E-5D5CA44A8977} = {BC748110-6B70-4E55-AE09-684577217BD9}
		{B0BAB9D3-0889-41C3-9238-59E1C93EE721} = {D183E4A6-8BB1-4E52-9B5B-8BDB7770B5C5}
		{AF3239E1-4625-4792-8288-101D0AC13BFC} = {D183E4A6-8BB1-4E52-9B5B-8BDB7770B5C5}
		{B87D2027-2A94-4E3A-A7D8-9F0B73F76EE1} = {D183E4A6-8BB1-4E52-9B5B-8BDB7770B5C5}
		{FDE6BDBB-B755-43A8-9528-4729826FD375} = {D183E4A6-8BB1-4E52-9B5B-8BDB7770B5C5}
		{2692D84D-B028-496D-A417-D08489C02E4D} = {D4C42A41-34F1-44C3-82EB-C91495A368B9}
		{62F457D0-223A-4694-AC35-A855C43AEBDC} = {D183E4A6-8BB1-4E52-9B5B-8BDB7770B5C5}
		{9B19A2C5-3784-42CC-A235-D9F7FA753F52} = {D183E4A6-8BB1-4E52-9B5B-8BDB7770B5C5}
		{65A131FC-0E7A-44BD-A587-2D27D23A7D44} = {441CC140-366E-46D6-B294-3E9DA10809B4}
		{843B6A56-9564-4739-9E5D-D684BD6DB489} = {441CC140-366E-46D6-B294-3E9DA10809B4}
		{02458864-185B-402F-A945-E9766395EF21} = {D183E4A6-8BB1-4E52-9B5B-8BDB7770B5C5}
		{F2B5D2A5-AF4D-4356-A023-FA8B589DEE13} = {441CC140-366E-46D6-B294-3E9DA10809B4}
		{0DBE22B8-BB9B-46B6-BF02-8E1345989D0E} = {D183E4A6-8BB1-4E52-9B5B-8BDB7770B5C5}
	EndGlobalSection
	GlobalSection(ExtensibilityGlobals) = postSolution
		SolutionGuid = {42E89A57-F634-4DB0-B861-EC0B713FE368}
	EndGlobalSection
EndGlobal
